// !$*UTF8*$!
{
	archiveVersion = 1;
	classes = {
	};
	objectVersion = 46;
	objects = {

/* Begin PBXBuildFile section */
		19075BB117171A000043CC0D /* green.png in Resources */ = {isa = PBXBuildFile; fileRef = 19075BB017171A000043CC0D /* green.png */; };
		19075BD7171749BE0043CC0D /* blackButton.png in Resources */ = {isa = PBXBuildFile; fileRef = 19075BBA171749BE0043CC0D /* blackButton.png */; };
		19075BD8171749BE0043CC0D /* blackButton@2x.png in Resources */ = {isa = PBXBuildFile; fileRef = 19075BBB171749BE0043CC0D /* blackButton@2x.png */; };
		19075BD9171749BE0043CC0D /* blackButtonHighlight.png in Resources */ = {isa = PBXBuildFile; fileRef = 19075BBC171749BE0043CC0D /* blackButtonHighlight.png */; };
		19075BDA171749BE0043CC0D /* blackButtonHighlight@2x.png in Resources */ = {isa = PBXBuildFile; fileRef = 19075BBD171749BE0043CC0D /* blackButtonHighlight@2x.png */; };
		19075BDB171749BE0043CC0D /* blueButton.png in Resources */ = {isa = PBXBuildFile; fileRef = 19075BBE171749BE0043CC0D /* blueButton.png */; };
		19075BDC171749BE0043CC0D /* blueButton@2x.png in Resources */ = {isa = PBXBuildFile; fileRef = 19075BBF171749BE0043CC0D /* blueButton@2x.png */; };
		19075BDD171749BE0043CC0D /* blueButtonHighlight.png in Resources */ = {isa = PBXBuildFile; fileRef = 19075BC0171749BE0043CC0D /* blueButtonHighlight.png */; };
		19075BDE171749BE0043CC0D /* blueButtonHighlight@2x.png in Resources */ = {isa = PBXBuildFile; fileRef = 19075BC1171749BE0043CC0D /* blueButtonHighlight@2x.png */; };
		19075BDF171749BE0043CC0D /* greenButton.png in Resources */ = {isa = PBXBuildFile; fileRef = 19075BC2171749BE0043CC0D /* greenButton.png */; };
		19075BE0171749BE0043CC0D /* greenButton@2x.png in Resources */ = {isa = PBXBuildFile; fileRef = 19075BC3171749BE0043CC0D /* greenButton@2x.png */; };
		19075BE1171749BE0043CC0D /* greenButtonHighlight.png in Resources */ = {isa = PBXBuildFile; fileRef = 19075BC4171749BE0043CC0D /* greenButtonHighlight.png */; };
		19075BE2171749BE0043CC0D /* greenButtonHighlight@2x.png in Resources */ = {isa = PBXBuildFile; fileRef = 19075BC5171749BE0043CC0D /* greenButtonHighlight@2x.png */; };
		19075BE3171749BE0043CC0D /* greyButton.png in Resources */ = {isa = PBXBuildFile; fileRef = 19075BC6171749BE0043CC0D /* greyButton.png */; };
		19075BE4171749BE0043CC0D /* greyButton@2x.png in Resources */ = {isa = PBXBuildFile; fileRef = 19075BC7171749BE0043CC0D /* greyButton@2x.png */; };
		19075BE5171749BE0043CC0D /* greyButton@2xpng in Resources */ = {isa = PBXBuildFile; fileRef = 19075BC8171749BE0043CC0D /* greyButton@2xpng */; };
		19075BE6171749BE0043CC0D /* greyButtonHighlight.png in Resources */ = {isa = PBXBuildFile; fileRef = 19075BC9171749BE0043CC0D /* greyButtonHighlight.png */; };
		19075BE7171749BE0043CC0D /* greyButtonHighlight@2x.png in Resources */ = {isa = PBXBuildFile; fileRef = 19075BCA171749BE0043CC0D /* greyButtonHighlight@2x.png */; };
		19075BE8171749BE0043CC0D /* orangeButton.png in Resources */ = {isa = PBXBuildFile; fileRef = 19075BCB171749BE0043CC0D /* orangeButton.png */; };
		19075BE9171749BE0043CC0D /* orangeButton@2x.png in Resources */ = {isa = PBXBuildFile; fileRef = 19075BCC171749BE0043CC0D /* orangeButton@2x.png */; };
		19075BEA171749BE0043CC0D /* orangeButtonHighlight.png in Resources */ = {isa = PBXBuildFile; fileRef = 19075BCD171749BE0043CC0D /* orangeButtonHighlight.png */; };
		19075BEB171749BE0043CC0D /* orangeButtonHighlight@2x.png in Resources */ = {isa = PBXBuildFile; fileRef = 19075BCE171749BE0043CC0D /* orangeButtonHighlight@2x.png */; };
		19075BEC171749BE0043CC0D /* tanButton.png in Resources */ = {isa = PBXBuildFile; fileRef = 19075BCF171749BE0043CC0D /* tanButton.png */; };
		19075BED171749BE0043CC0D /* tanButton@2x.png in Resources */ = {isa = PBXBuildFile; fileRef = 19075BD0171749BE0043CC0D /* tanButton@2x.png */; };
		19075BEE171749BE0043CC0D /* tanButtonHighlight.png in Resources */ = {isa = PBXBuildFile; fileRef = 19075BD1171749BE0043CC0D /* tanButtonHighlight.png */; };
		19075BEF171749BE0043CC0D /* tanButtonHighlight@2x.png in Resources */ = {isa = PBXBuildFile; fileRef = 19075BD2171749BE0043CC0D /* tanButtonHighlight@2x.png */; };
		19075BF0171749BE0043CC0D /* whiteButton.png in Resources */ = {isa = PBXBuildFile; fileRef = 19075BD3171749BE0043CC0D /* whiteButton.png */; };
		19075BF1171749BE0043CC0D /* whiteButton@2x.png in Resources */ = {isa = PBXBuildFile; fileRef = 19075BD4171749BE0043CC0D /* whiteButton@2x.png */; };
		19075BF2171749BE0043CC0D /* whiteButtonHighlight.png in Resources */ = {isa = PBXBuildFile; fileRef = 19075BD5171749BE0043CC0D /* whiteButtonHighlight.png */; };
		19075BF3171749BE0043CC0D /* whiteButtonHighlight@2x.png in Resources */ = {isa = PBXBuildFile; fileRef = 19075BD6171749BE0043CC0D /* whiteButtonHighlight@2x.png */; };
		19075BF5171751E00043CC0D /* silver-button-normal.png in Resources */ = {isa = PBXBuildFile; fileRef = 19075BF4171751E00043CC0D /* silver-button-normal.png */; };
		19075BF717229F7A0043CC0D /* GoogleMaps.framework in Frameworks */ = {isa = PBXBuildFile; fileRef = 19075BF617229F7A0043CC0D /* GoogleMaps.framework */; };
		19075BF91722A0990043CC0D /* GoogleMaps.bundle in Resources */ = {isa = PBXBuildFile; fileRef = 19075BF81722A0990043CC0D /* GoogleMaps.bundle */; };
		19075BFB1722A0C80043CC0D /* AVFoundation.framework in Frameworks */ = {isa = PBXBuildFile; fileRef = 19075BFA1722A0C80043CC0D /* AVFoundation.framework */; };
		19075BFD1722A0DC0043CC0D /* CoreData.framework in Frameworks */ = {isa = PBXBuildFile; fileRef = 19075BFC1722A0DC0043CC0D /* CoreData.framework */; };
		19075BFF1722A0EB0043CC0D /* CoreText.framework in Frameworks */ = {isa = PBXBuildFile; fileRef = 19075BFE1722A0EB0043CC0D /* CoreText.framework */; };
		19075C011722A0F50043CC0D /* GLKit.framework in Frameworks */ = {isa = PBXBuildFile; fileRef = 19075C001722A0F50043CC0D /* GLKit.framework */; };
		19075C031722A1000043CC0D /* ImageIO.framework in Frameworks */ = {isa = PBXBuildFile; fileRef = 19075C021722A1000043CC0D /* ImageIO.framework */; };
		19075C051722A1100043CC0D /* libc++.dylib in Frameworks */ = {isa = PBXBuildFile; fileRef = 19075C041722A1100043CC0D /* libc++.dylib */; };
		19075C071722A13F0043CC0D /* libicucore.dylib in Frameworks */ = {isa = PBXBuildFile; fileRef = 19075C061722A13F0043CC0D /* libicucore.dylib */; };
		19075C091722A14F0043CC0D /* libz.dylib in Frameworks */ = {isa = PBXBuildFile; fileRef = 19075C081722A14F0043CC0D /* libz.dylib */; };
		19075C0B1722A15C0043CC0D /* OpenGLES.framework in Frameworks */ = {isa = PBXBuildFile; fileRef = 19075C0A1722A15C0043CC0D /* OpenGLES.framework */; };
		19075C121722A3700043CC0D /* MapViewController.m in Sources */ = {isa = PBXBuildFile; fileRef = 19075C111722A36F0043CC0D /* MapViewController.m */; };
		19CC96CD17071E7000D70DF0 /* UIKit.framework in Frameworks */ = {isa = PBXBuildFile; fileRef = 19CC96CC17071E7000D70DF0 /* UIKit.framework */; };
		19CC96CF17071E7000D70DF0 /* Foundation.framework in Frameworks */ = {isa = PBXBuildFile; fileRef = 19CC96CE17071E7000D70DF0 /* Foundation.framework */; };
		19CC96D117071E7000D70DF0 /* CoreGraphics.framework in Frameworks */ = {isa = PBXBuildFile; fileRef = 19CC96D017071E7000D70DF0 /* CoreGraphics.framework */; };
		19CC96D717071E7000D70DF0 /* InfoPlist.strings in Resources */ = {isa = PBXBuildFile; fileRef = 19CC96D517071E7000D70DF0 /* InfoPlist.strings */; };
		19CC96D917071E7000D70DF0 /* main.m in Sources */ = {isa = PBXBuildFile; fileRef = 19CC96D817071E7000D70DF0 /* main.m */; };
		19CC96DD17071E7000D70DF0 /* RaceAppDelegate.m in Sources */ = {isa = PBXBuildFile; fileRef = 19CC96DC17071E7000D70DF0 /* RaceAppDelegate.m */; };
		19CC96DF17071E7000D70DF0 /* Default.png in Resources */ = {isa = PBXBuildFile; fileRef = 19CC96DE17071E7000D70DF0 /* Default.png */; };
		19CC96E117071E7000D70DF0 /* Default@2x.png in Resources */ = {isa = PBXBuildFile; fileRef = 19CC96E017071E7000D70DF0 /* Default@2x.png */; };
		19CC96E317071E7000D70DF0 /* Default-568h@2x.png in Resources */ = {isa = PBXBuildFile; fileRef = 19CC96E217071E7000D70DF0 /* Default-568h@2x.png */; };
		19CC96E617071E7000D70DF0 /* MainStoryboard.storyboard in Resources */ = {isa = PBXBuildFile; fileRef = 19CC96E417071E7000D70DF0 /* MainStoryboard.storyboard */; };
		19CC96E917071E7100D70DF0 /* RaceViewController.m in Sources */ = {isa = PBXBuildFile; fileRef = 19CC96E817071E7100D70DF0 /* RaceViewController.m */; };
		19CC96F017071FE900D70DF0 /* Parse.framework in Frameworks */ = {isa = PBXBuildFile; fileRef = 19CC96EF17071FE900D70DF0 /* Parse.framework */; };
		19CC96FC1707208A00D70DF0 /* Accounts.framework in Frameworks */ = {isa = PBXBuildFile; fileRef = 19CC96F11707208A00D70DF0 /* Accounts.framework */; settings = {ATTRIBUTES = (Required, ); }; };
		19CC96FD1707208A00D70DF0 /* AudioToolbox.framework in Frameworks */ = {isa = PBXBuildFile; fileRef = 19CC96F21707208A00D70DF0 /* AudioToolbox.framework */; };
		19CC96FE1707208A00D70DF0 /* CFNetwork.framework in Frameworks */ = {isa = PBXBuildFile; fileRef = 19CC96F31707208A00D70DF0 /* CFNetwork.framework */; };
		19CC96FF1707208A00D70DF0 /* CoreLocation.framework in Frameworks */ = {isa = PBXBuildFile; fileRef = 19CC96F41707208A00D70DF0 /* CoreLocation.framework */; };
		19CC97001707208A00D70DF0 /* libz.1.1.3.dylib in Frameworks */ = {isa = PBXBuildFile; fileRef = 19CC96F51707208A00D70DF0 /* libz.1.1.3.dylib */; };
		19CC97011707208A00D70DF0 /* MobileCoreServices.framework in Frameworks */ = {isa = PBXBuildFile; fileRef = 19CC96F61707208A00D70DF0 /* MobileCoreServices.framework */; };
		19CC97021707208A00D70DF0 /* QuartzCore.framework in Frameworks */ = {isa = PBXBuildFile; fileRef = 19CC96F71707208A00D70DF0 /* QuartzCore.framework */; };
		19CC97031707208A00D70DF0 /* Security.framework in Frameworks */ = {isa = PBXBuildFile; fileRef = 19CC96F81707208A00D70DF0 /* Security.framework */; };
		19CC97041707208A00D70DF0 /* Social.framework in Frameworks */ = {isa = PBXBuildFile; fileRef = 19CC96F91707208A00D70DF0 /* Social.framework */; };
		19CC97051707208A00D70DF0 /* StoreKit.framework in Frameworks */ = {isa = PBXBuildFile; fileRef = 19CC96FA1707208A00D70DF0 /* StoreKit.framework */; };
		19CC97061707208A00D70DF0 /* SystemConfiguration.framework in Frameworks */ = {isa = PBXBuildFile; fileRef = 19CC96FB1707208A00D70DF0 /* SystemConfiguration.framework */; };
		19CC970D1707248300D70DF0 /* FacebookSDK.framework in Frameworks */ = {isa = PBXBuildFile; fileRef = 19CC970C1707248300D70DF0 /* FacebookSDK.framework */; };
		19CC9710170725BF00D70DF0 /* LoggedInViewController.m in Sources */ = {isa = PBXBuildFile; fileRef = 19CC970F170725BF00D70DF0 /* LoggedInViewController.m */; };
		19CC9712170727D900D70DF0 /* libsqlite3.dylib in Frameworks */ = {isa = PBXBuildFile; fileRef = 19CC9711170727D900D70DF0 /* libsqlite3.dylib */; };
		19CC97141707281500D70DF0 /* AdSupport.framework in Frameworks */ = {isa = PBXBuildFile; fileRef = 19CC97131707281500D70DF0 /* AdSupport.framework */; };
		19CC9716170728BF00D70DF0 /* FacebookSDKResources.bundle in Resources */ = {isa = PBXBuildFile; fileRef = 19CC9715170728BF00D70DF0 /* FacebookSDKResources.bundle */; };
		19CC9718170728CA00D70DF0 /* FBUserSettingsViewResources.bundle in Resources */ = {isa = PBXBuildFile; fileRef = 19CC9717170728CA00D70DF0 /* FBUserSettingsViewResources.bundle */; };
		8C3150CA170C17C300A39561 /* RacesViewController.m in Sources */ = {isa = PBXBuildFile; fileRef = 8C3150C9170C17C300A39561 /* RacesViewController.m */; };
		8C3150CD170C1B6600A39561 /* MyRacesViewController.m in Sources */ = {isa = PBXBuildFile; fileRef = 8C3150CC170C1B6600A39561 /* MyRacesViewController.m */; };
		8C3150D0170C1BC200A39561 /* StatisticsViewController.m in Sources */ = {isa = PBXBuildFile; fileRef = 8C3150CF170C1BC200A39561 /* StatisticsViewController.m */; };
		8C3150D3170C1CB200A39561 /* SpeedViewController.m in Sources */ = {isa = PBXBuildFile; fileRef = 8C3150D2170C1CB200A39561 /* SpeedViewController.m */; };
		8C3150D6170C1CE500A39561 /* TimeViewController.m in Sources */ = {isa = PBXBuildFile; fileRef = 8C3150D5170C1CE500A39561 /* TimeViewController.m */; };
		8C3150D9170C1D0A00A39561 /* DistanceViewController.m in Sources */ = {isa = PBXBuildFile; fileRef = 8C3150D8170C1D0A00A39561 /* DistanceViewController.m */; };
		8C3150DC170C1D3F00A39561 /* AllAttendedViewController.m in Sources */ = {isa = PBXBuildFile; fileRef = 8C3150DB170C1D3F00A39561 /* AllAttendedViewController.m */; };
		8C3150DF170C1D6400A39561 /* AllActiveViewController.m in Sources */ = {isa = PBXBuildFile; fileRef = 8C3150DE170C1D6400A39561 /* AllActiveViewController.m */; };
		8C3150E2170C1D8800A39561 /* AllOrganisedViewController.m in Sources */ = {isa = PBXBuildFile; fileRef = 8C3150E1170C1D8800A39561 /* AllOrganisedViewController.m */; };
		8C79C2C81725708C00013FAB /* GlobalVariables.m in Sources */ = {isa = PBXBuildFile; fileRef = 8C79C2C71725708C00013FAB /* GlobalVariables.m */; };
		8CE049E81713167000A9D4BC /* AllRacesViewController.m in Sources */ = {isa = PBXBuildFile; fileRef = 8CE049E71713167000A9D4BC /* AllRacesViewController.m */; };
		8CE049EB1713196D00A9D4BC /* OrganisedRaceCell.m in Sources */ = {isa = PBXBuildFile; fileRef = 8CE049EA1713196D00A9D4BC /* OrganisedRaceCell.m */; };
		8CE049EE1713210900A9D4BC /* OrganisedRaceViewController.m in Sources */ = {isa = PBXBuildFile; fileRef = 8CE049ED1713210900A9D4BC /* OrganisedRaceViewController.m */; };
		8CE049F11713219100A9D4BC /* ActiveRaceViewController.m in Sources */ = {isa = PBXBuildFile; fileRef = 8CE049F01713219100A9D4BC /* ActiveRaceViewController.m */; };
		8CE049F41713223100A9D4BC /* ActiveRaceCell.m in Sources */ = {isa = PBXBuildFile; fileRef = 8CE049F31713223100A9D4BC /* ActiveRaceCell.m */; };
		8CE049F7171325A600A9D4BC /* AttendedRaceCell.m in Sources */ = {isa = PBXBuildFile; fileRef = 8CE049F6171325A600A9D4BC /* AttendedRaceCell.m */; };
		8CE049FA1713264F00A9D4BC /* AttendedRaceViewController.m in Sources */ = {isa = PBXBuildFile; fileRef = 8CE049F91713264F00A9D4BC /* AttendedRaceViewController.m */; };
		8CE049FD1713271900A9D4BC /* BrowsedRaceCell.m in Sources */ = {isa = PBXBuildFile; fileRef = 8CE049FC1713271900A9D4BC /* BrowsedRaceCell.m */; };
		8CE04A03171328C100A9D4BC /* NewRaceViewController.m in Sources */ = {isa = PBXBuildFile; fileRef = 8CE04A02171328C100A9D4BC /* NewRaceViewController.m */; };
		8CE04A0617132A7800A9D4BC /* BrowsedRaceViewController.m in Sources */ = {isa = PBXBuildFile; fileRef = 8CE04A0517132A7800A9D4BC /* BrowsedRaceViewController.m */; };
/* End PBXBuildFile section */

/* Begin PBXFileReference section */
		19075BB017171A000043CC0D /* green.png */ = {isa = PBXFileReference; lastKnownFileType = image.png; path = green.png; sourceTree = "<group>"; };
		19075BBA171749BE0043CC0D /* blackButton.png */ = {isa = PBXFileReference; lastKnownFileType = image.png; path = blackButton.png; sourceTree = "<group>"; };
		19075BBB171749BE0043CC0D /* blackButton@2x.png */ = {isa = PBXFileReference; lastKnownFileType = image.png; path = "blackButton@2x.png"; sourceTree = "<group>"; };
		19075BBC171749BE0043CC0D /* blackButtonHighlight.png */ = {isa = PBXFileReference; lastKnownFileType = image.png; path = blackButtonHighlight.png; sourceTree = "<group>"; };
		19075BBD171749BE0043CC0D /* blackButtonHighlight@2x.png */ = {isa = PBXFileReference; lastKnownFileType = image.png; path = "blackButtonHighlight@2x.png"; sourceTree = "<group>"; };
		19075BBE171749BE0043CC0D /* blueButton.png */ = {isa = PBXFileReference; lastKnownFileType = image.png; path = blueButton.png; sourceTree = "<group>"; };
		19075BBF171749BE0043CC0D /* blueButton@2x.png */ = {isa = PBXFileReference; lastKnownFileType = image.png; path = "blueButton@2x.png"; sourceTree = "<group>"; };
		19075BC0171749BE0043CC0D /* blueButtonHighlight.png */ = {isa = PBXFileReference; lastKnownFileType = image.png; path = blueButtonHighlight.png; sourceTree = "<group>"; };
		19075BC1171749BE0043CC0D /* blueButtonHighlight@2x.png */ = {isa = PBXFileReference; lastKnownFileType = image.png; path = "blueButtonHighlight@2x.png"; sourceTree = "<group>"; };
		19075BC2171749BE0043CC0D /* greenButton.png */ = {isa = PBXFileReference; lastKnownFileType = image.png; path = greenButton.png; sourceTree = "<group>"; };
		19075BC3171749BE0043CC0D /* greenButton@2x.png */ = {isa = PBXFileReference; lastKnownFileType = image.png; path = "greenButton@2x.png"; sourceTree = "<group>"; };
		19075BC4171749BE0043CC0D /* greenButtonHighlight.png */ = {isa = PBXFileReference; lastKnownFileType = image.png; path = greenButtonHighlight.png; sourceTree = "<group>"; };
		19075BC5171749BE0043CC0D /* greenButtonHighlight@2x.png */ = {isa = PBXFileReference; lastKnownFileType = image.png; path = "greenButtonHighlight@2x.png"; sourceTree = "<group>"; };
		19075BC6171749BE0043CC0D /* greyButton.png */ = {isa = PBXFileReference; lastKnownFileType = image.png; path = greyButton.png; sourceTree = "<group>"; };
		19075BC7171749BE0043CC0D /* greyButton@2x.png */ = {isa = PBXFileReference; lastKnownFileType = image.png; path = "greyButton@2x.png"; sourceTree = "<group>"; };
		19075BC8171749BE0043CC0D /* greyButton@2xpng */ = {isa = PBXFileReference; lastKnownFileType = file; path = "greyButton@2xpng"; sourceTree = "<group>"; };
		19075BC9171749BE0043CC0D /* greyButtonHighlight.png */ = {isa = PBXFileReference; lastKnownFileType = image.png; path = greyButtonHighlight.png; sourceTree = "<group>"; };
		19075BCA171749BE0043CC0D /* greyButtonHighlight@2x.png */ = {isa = PBXFileReference; lastKnownFileType = image.png; path = "greyButtonHighlight@2x.png"; sourceTree = "<group>"; };
		19075BCB171749BE0043CC0D /* orangeButton.png */ = {isa = PBXFileReference; lastKnownFileType = image.png; path = orangeButton.png; sourceTree = "<group>"; };
		19075BCC171749BE0043CC0D /* orangeButton@2x.png */ = {isa = PBXFileReference; lastKnownFileType = image.png; path = "orangeButton@2x.png"; sourceTree = "<group>"; };
		19075BCD171749BE0043CC0D /* orangeButtonHighlight.png */ = {isa = PBXFileReference; lastKnownFileType = image.png; path = orangeButtonHighlight.png; sourceTree = "<group>"; };
		19075BCE171749BE0043CC0D /* orangeButtonHighlight@2x.png */ = {isa = PBXFileReference; lastKnownFileType = image.png; path = "orangeButtonHighlight@2x.png"; sourceTree = "<group>"; };
		19075BCF171749BE0043CC0D /* tanButton.png */ = {isa = PBXFileReference; lastKnownFileType = image.png; path = tanButton.png; sourceTree = "<group>"; };
		19075BD0171749BE0043CC0D /* tanButton@2x.png */ = {isa = PBXFileReference; lastKnownFileType = image.png; path = "tanButton@2x.png"; sourceTree = "<group>"; };
		19075BD1171749BE0043CC0D /* tanButtonHighlight.png */ = {isa = PBXFileReference; lastKnownFileType = image.png; path = tanButtonHighlight.png; sourceTree = "<group>"; };
		19075BD2171749BE0043CC0D /* tanButtonHighlight@2x.png */ = {isa = PBXFileReference; lastKnownFileType = image.png; path = "tanButtonHighlight@2x.png"; sourceTree = "<group>"; };
		19075BD3171749BE0043CC0D /* whiteButton.png */ = {isa = PBXFileReference; lastKnownFileType = image.png; path = whiteButton.png; sourceTree = "<group>"; };
		19075BD4171749BE0043CC0D /* whiteButton@2x.png */ = {isa = PBXFileReference; lastKnownFileType = image.png; path = "whiteButton@2x.png"; sourceTree = "<group>"; };
		19075BD5171749BE0043CC0D /* whiteButtonHighlight.png */ = {isa = PBXFileReference; lastKnownFileType = image.png; path = whiteButtonHighlight.png; sourceTree = "<group>"; };
		19075BD6171749BE0043CC0D /* whiteButtonHighlight@2x.png */ = {isa = PBXFileReference; lastKnownFileType = image.png; path = "whiteButtonHighlight@2x.png"; sourceTree = "<group>"; };
		19075BF4171751E00043CC0D /* silver-button-normal.png */ = {isa = PBXFileReference; lastKnownFileType = image.png; path = "silver-button-normal.png"; sourceTree = "<group>"; };
		19075BF617229F7A0043CC0D /* GoogleMaps.framework */ = {isa = PBXFileReference; lastKnownFileType = wrapper.framework; path = GoogleMaps.framework; sourceTree = "<group>"; };
		19075BF81722A0990043CC0D /* GoogleMaps.bundle */ = {isa = PBXFileReference; lastKnownFileType = "wrapper.plug-in"; path = GoogleMaps.bundle; sourceTree = "<group>"; };
		19075BFA1722A0C80043CC0D /* AVFoundation.framework */ = {isa = PBXFileReference; lastKnownFileType = wrapper.framework; name = AVFoundation.framework; path = System/Library/Frameworks/AVFoundation.framework; sourceTree = SDKROOT; };
		19075BFC1722A0DC0043CC0D /* CoreData.framework */ = {isa = PBXFileReference; lastKnownFileType = wrapper.framework; name = CoreData.framework; path = System/Library/Frameworks/CoreData.framework; sourceTree = SDKROOT; };
		19075BFE1722A0EB0043CC0D /* CoreText.framework */ = {isa = PBXFileReference; lastKnownFileType = wrapper.framework; name = CoreText.framework; path = System/Library/Frameworks/CoreText.framework; sourceTree = SDKROOT; };
		19075C001722A0F50043CC0D /* GLKit.framework */ = {isa = PBXFileReference; lastKnownFileType = wrapper.framework; name = GLKit.framework; path = System/Library/Frameworks/GLKit.framework; sourceTree = SDKROOT; };
		19075C021722A1000043CC0D /* ImageIO.framework */ = {isa = PBXFileReference; lastKnownFileType = wrapper.framework; name = ImageIO.framework; path = System/Library/Frameworks/ImageIO.framework; sourceTree = SDKROOT; };
		19075C041722A1100043CC0D /* libc++.dylib */ = {isa = PBXFileReference; lastKnownFileType = "compiled.mach-o.dylib"; name = "libc++.dylib"; path = "usr/lib/libc++.dylib"; sourceTree = SDKROOT; };
		19075C061722A13F0043CC0D /* libicucore.dylib */ = {isa = PBXFileReference; lastKnownFileType = "compiled.mach-o.dylib"; name = libicucore.dylib; path = usr/lib/libicucore.dylib; sourceTree = SDKROOT; };
		19075C081722A14F0043CC0D /* libz.dylib */ = {isa = PBXFileReference; lastKnownFileType = "compiled.mach-o.dylib"; name = libz.dylib; path = usr/lib/libz.dylib; sourceTree = SDKROOT; };
		19075C0A1722A15C0043CC0D /* OpenGLES.framework */ = {isa = PBXFileReference; lastKnownFileType = wrapper.framework; name = OpenGLES.framework; path = System/Library/Frameworks/OpenGLES.framework; sourceTree = SDKROOT; };
		19075C101722A36F0043CC0D /* MapViewController.h */ = {isa = PBXFileReference; fileEncoding = 4; lastKnownFileType = sourcecode.c.h; path = MapViewController.h; sourceTree = "<group>"; };
		19075C111722A36F0043CC0D /* MapViewController.m */ = {isa = PBXFileReference; fileEncoding = 4; lastKnownFileType = sourcecode.c.objc; path = MapViewController.m; sourceTree = "<group>"; };
		19CC96C817071E7000D70DF0 /* JustRace.app */ = {isa = PBXFileReference; explicitFileType = wrapper.application; includeInIndex = 0; path = JustRace.app; sourceTree = BUILT_PRODUCTS_DIR; };
		19CC96CC17071E7000D70DF0 /* UIKit.framework */ = {isa = PBXFileReference; lastKnownFileType = wrapper.framework; name = UIKit.framework; path = System/Library/Frameworks/UIKit.framework; sourceTree = SDKROOT; };
		19CC96CE17071E7000D70DF0 /* Foundation.framework */ = {isa = PBXFileReference; lastKnownFileType = wrapper.framework; name = Foundation.framework; path = System/Library/Frameworks/Foundation.framework; sourceTree = SDKROOT; };
		19CC96D017071E7000D70DF0 /* CoreGraphics.framework */ = {isa = PBXFileReference; lastKnownFileType = wrapper.framework; name = CoreGraphics.framework; path = System/Library/Frameworks/CoreGraphics.framework; sourceTree = SDKROOT; };
		19CC96D417071E7000D70DF0 /* JustRace-Info.plist */ = {isa = PBXFileReference; lastKnownFileType = text.plist.xml; path = "JustRace-Info.plist"; sourceTree = "<group>"; };
		19CC96D617071E7000D70DF0 /* en */ = {isa = PBXFileReference; lastKnownFileType = text.plist.strings; name = en; path = en.lproj/InfoPlist.strings; sourceTree = "<group>"; };
		19CC96D817071E7000D70DF0 /* main.m */ = {isa = PBXFileReference; lastKnownFileType = sourcecode.c.objc; path = main.m; sourceTree = "<group>"; };
		19CC96DA17071E7000D70DF0 /* JustRace-Prefix.pch */ = {isa = PBXFileReference; lastKnownFileType = sourcecode.c.h; path = "JustRace-Prefix.pch"; sourceTree = "<group>"; };
		19CC96DB17071E7000D70DF0 /* RaceAppDelegate.h */ = {isa = PBXFileReference; lastKnownFileType = sourcecode.c.h; path = RaceAppDelegate.h; sourceTree = "<group>"; };
		19CC96DC17071E7000D70DF0 /* RaceAppDelegate.m */ = {isa = PBXFileReference; lastKnownFileType = sourcecode.c.objc; path = RaceAppDelegate.m; sourceTree = "<group>"; };
		19CC96DE17071E7000D70DF0 /* Default.png */ = {isa = PBXFileReference; lastKnownFileType = image.png; path = Default.png; sourceTree = "<group>"; };
		19CC96E017071E7000D70DF0 /* Default@2x.png */ = {isa = PBXFileReference; lastKnownFileType = image.png; path = "Default@2x.png"; sourceTree = "<group>"; };
		19CC96E217071E7000D70DF0 /* Default-568h@2x.png */ = {isa = PBXFileReference; lastKnownFileType = image.png; path = "Default-568h@2x.png"; sourceTree = "<group>"; };
		19CC96E517071E7000D70DF0 /* en */ = {isa = PBXFileReference; lastKnownFileType = file.storyboard; name = en; path = en.lproj/MainStoryboard.storyboard; sourceTree = "<group>"; };
		19CC96E717071E7100D70DF0 /* RaceViewController.h */ = {isa = PBXFileReference; lastKnownFileType = sourcecode.c.h; path = RaceViewController.h; sourceTree = "<group>"; };
		19CC96E817071E7100D70DF0 /* RaceViewController.m */ = {isa = PBXFileReference; lastKnownFileType = sourcecode.c.objc; path = RaceViewController.m; sourceTree = "<group>"; };
		19CC96EF17071FE900D70DF0 /* Parse.framework */ = {isa = PBXFileReference; lastKnownFileType = wrapper.framework; path = Parse.framework; sourceTree = "<group>"; };
		19CC96F11707208A00D70DF0 /* Accounts.framework */ = {isa = PBXFileReference; lastKnownFileType = wrapper.framework; name = Accounts.framework; path = System/Library/Frameworks/Accounts.framework; sourceTree = SDKROOT; };
		19CC96F21707208A00D70DF0 /* AudioToolbox.framework */ = {isa = PBXFileReference; lastKnownFileType = wrapper.framework; name = AudioToolbox.framework; path = System/Library/Frameworks/AudioToolbox.framework; sourceTree = SDKROOT; };
		19CC96F31707208A00D70DF0 /* CFNetwork.framework */ = {isa = PBXFileReference; lastKnownFileType = wrapper.framework; name = CFNetwork.framework; path = System/Library/Frameworks/CFNetwork.framework; sourceTree = SDKROOT; };
		19CC96F41707208A00D70DF0 /* CoreLocation.framework */ = {isa = PBXFileReference; lastKnownFileType = wrapper.framework; name = CoreLocation.framework; path = System/Library/Frameworks/CoreLocation.framework; sourceTree = SDKROOT; };
		19CC96F51707208A00D70DF0 /* libz.1.1.3.dylib */ = {isa = PBXFileReference; lastKnownFileType = "compiled.mach-o.dylib"; name = libz.1.1.3.dylib; path = usr/lib/libz.1.1.3.dylib; sourceTree = SDKROOT; };
		19CC96F61707208A00D70DF0 /* MobileCoreServices.framework */ = {isa = PBXFileReference; lastKnownFileType = wrapper.framework; name = MobileCoreServices.framework; path = System/Library/Frameworks/MobileCoreServices.framework; sourceTree = SDKROOT; };
		19CC96F71707208A00D70DF0 /* QuartzCore.framework */ = {isa = PBXFileReference; lastKnownFileType = wrapper.framework; name = QuartzCore.framework; path = System/Library/Frameworks/QuartzCore.framework; sourceTree = SDKROOT; };
		19CC96F81707208A00D70DF0 /* Security.framework */ = {isa = PBXFileReference; lastKnownFileType = wrapper.framework; name = Security.framework; path = System/Library/Frameworks/Security.framework; sourceTree = SDKROOT; };
		19CC96F91707208A00D70DF0 /* Social.framework */ = {isa = PBXFileReference; lastKnownFileType = wrapper.framework; name = Social.framework; path = System/Library/Frameworks/Social.framework; sourceTree = SDKROOT; };
		19CC96FA1707208A00D70DF0 /* StoreKit.framework */ = {isa = PBXFileReference; lastKnownFileType = wrapper.framework; name = StoreKit.framework; path = System/Library/Frameworks/StoreKit.framework; sourceTree = SDKROOT; };
		19CC96FB1707208A00D70DF0 /* SystemConfiguration.framework */ = {isa = PBXFileReference; lastKnownFileType = wrapper.framework; name = SystemConfiguration.framework; path = System/Library/Frameworks/SystemConfiguration.framework; sourceTree = SDKROOT; };
		19CC970C1707248300D70DF0 /* FacebookSDK.framework */ = {isa = PBXFileReference; lastKnownFileType = wrapper.framework; path = FacebookSDK.framework; sourceTree = "<group>"; };
		19CC970E170725BF00D70DF0 /* LoggedInViewController.h */ = {isa = PBXFileReference; fileEncoding = 4; lastKnownFileType = sourcecode.c.h; path = LoggedInViewController.h; sourceTree = "<group>"; };
		19CC970F170725BF00D70DF0 /* LoggedInViewController.m */ = {isa = PBXFileReference; fileEncoding = 4; lastKnownFileType = sourcecode.c.objc; path = LoggedInViewController.m; sourceTree = "<group>"; };
		19CC9711170727D900D70DF0 /* libsqlite3.dylib */ = {isa = PBXFileReference; lastKnownFileType = "compiled.mach-o.dylib"; name = libsqlite3.dylib; path = usr/lib/libsqlite3.dylib; sourceTree = SDKROOT; };
		19CC97131707281500D70DF0 /* AdSupport.framework */ = {isa = PBXFileReference; lastKnownFileType = wrapper.framework; name = AdSupport.framework; path = System/Library/Frameworks/AdSupport.framework; sourceTree = SDKROOT; };
		19CC9715170728BF00D70DF0 /* FacebookSDKResources.bundle */ = {isa = PBXFileReference; lastKnownFileType = "wrapper.plug-in"; path = FacebookSDKResources.bundle; sourceTree = "<group>"; };
		19CC9717170728CA00D70DF0 /* FBUserSettingsViewResources.bundle */ = {isa = PBXFileReference; lastKnownFileType = "wrapper.plug-in"; path = FBUserSettingsViewResources.bundle; sourceTree = "<group>"; };
		8C3150C8170C17C300A39561 /* RacesViewController.h */ = {isa = PBXFileReference; fileEncoding = 4; lastKnownFileType = sourcecode.c.h; path = RacesViewController.h; sourceTree = "<group>"; };
		8C3150C9170C17C300A39561 /* RacesViewController.m */ = {isa = PBXFileReference; fileEncoding = 4; lastKnownFileType = sourcecode.c.objc; path = RacesViewController.m; sourceTree = "<group>"; };
		8C3150CB170C1B6600A39561 /* MyRacesViewController.h */ = {isa = PBXFileReference; fileEncoding = 4; lastKnownFileType = sourcecode.c.h; path = MyRacesViewController.h; sourceTree = "<group>"; };
		8C3150CC170C1B6600A39561 /* MyRacesViewController.m */ = {isa = PBXFileReference; fileEncoding = 4; lastKnownFileType = sourcecode.c.objc; path = MyRacesViewController.m; sourceTree = "<group>"; };
		8C3150CE170C1BC200A39561 /* StatisticsViewController.h */ = {isa = PBXFileReference; fileEncoding = 4; lastKnownFileType = sourcecode.c.h; path = StatisticsViewController.h; sourceTree = "<group>"; };
		8C3150CF170C1BC200A39561 /* StatisticsViewController.m */ = {isa = PBXFileReference; fileEncoding = 4; lastKnownFileType = sourcecode.c.objc; path = StatisticsViewController.m; sourceTree = "<group>"; };
		8C3150D1170C1CB200A39561 /* SpeedViewController.h */ = {isa = PBXFileReference; fileEncoding = 4; lastKnownFileType = sourcecode.c.h; path = SpeedViewController.h; sourceTree = "<group>"; };
		8C3150D2170C1CB200A39561 /* SpeedViewController.m */ = {isa = PBXFileReference; fileEncoding = 4; lastKnownFileType = sourcecode.c.objc; path = SpeedViewController.m; sourceTree = "<group>"; };
		8C3150D4170C1CE400A39561 /* TimeViewController.h */ = {isa = PBXFileReference; fileEncoding = 4; lastKnownFileType = sourcecode.c.h; path = TimeViewController.h; sourceTree = "<group>"; };
		8C3150D5170C1CE500A39561 /* TimeViewController.m */ = {isa = PBXFileReference; fileEncoding = 4; lastKnownFileType = sourcecode.c.objc; path = TimeViewController.m; sourceTree = "<group>"; };
		8C3150D7170C1D0A00A39561 /* DistanceViewController.h */ = {isa = PBXFileReference; fileEncoding = 4; lastKnownFileType = sourcecode.c.h; path = DistanceViewController.h; sourceTree = "<group>"; };
		8C3150D8170C1D0A00A39561 /* DistanceViewController.m */ = {isa = PBXFileReference; fileEncoding = 4; lastKnownFileType = sourcecode.c.objc; path = DistanceViewController.m; sourceTree = "<group>"; };
		8C3150DA170C1D3F00A39561 /* AllAttendedViewController.h */ = {isa = PBXFileReference; fileEncoding = 4; lastKnownFileType = sourcecode.c.h; path = AllAttendedViewController.h; sourceTree = "<group>"; };
		8C3150DB170C1D3F00A39561 /* AllAttendedViewController.m */ = {isa = PBXFileReference; fileEncoding = 4; lastKnownFileType = sourcecode.c.objc; path = AllAttendedViewController.m; sourceTree = "<group>"; };
		8C3150DD170C1D6400A39561 /* AllActiveViewController.h */ = {isa = PBXFileReference; fileEncoding = 4; lastKnownFileType = sourcecode.c.h; path = AllActiveViewController.h; sourceTree = "<group>"; };
		8C3150DE170C1D6400A39561 /* AllActiveViewController.m */ = {isa = PBXFileReference; fileEncoding = 4; lastKnownFileType = sourcecode.c.objc; path = AllActiveViewController.m; sourceTree = "<group>"; };
		8C3150E0170C1D8800A39561 /* AllOrganisedViewController.h */ = {isa = PBXFileReference; fileEncoding = 4; lastKnownFileType = sourcecode.c.h; path = AllOrganisedViewController.h; sourceTree = "<group>"; };
		8C3150E1170C1D8800A39561 /* AllOrganisedViewController.m */ = {isa = PBXFileReference; fileEncoding = 4; lastKnownFileType = sourcecode.c.objc; path = AllOrganisedViewController.m; sourceTree = "<group>"; };
		8C79C2C61725708C00013FAB /* GlobalVariables.h */ = {isa = PBXFileReference; fileEncoding = 4; lastKnownFileType = sourcecode.c.h; path = GlobalVariables.h; sourceTree = "<group>"; };
		8C79C2C71725708C00013FAB /* GlobalVariables.m */ = {isa = PBXFileReference; fileEncoding = 4; lastKnownFileType = sourcecode.c.objc; path = GlobalVariables.m; sourceTree = "<group>"; };
		8CE049E61713167000A9D4BC /* AllRacesViewController.h */ = {isa = PBXFileReference; fileEncoding = 4; lastKnownFileType = sourcecode.c.h; path = AllRacesViewController.h; sourceTree = "<group>"; };
		8CE049E71713167000A9D4BC /* AllRacesViewController.m */ = {isa = PBXFileReference; fileEncoding = 4; lastKnownFileType = sourcecode.c.objc; path = AllRacesViewController.m; sourceTree = "<group>"; };
		8CE049E91713196D00A9D4BC /* OrganisedRaceCell.h */ = {isa = PBXFileReference; fileEncoding = 4; lastKnownFileType = sourcecode.c.h; path = OrganisedRaceCell.h; sourceTree = "<group>"; };
		8CE049EA1713196D00A9D4BC /* OrganisedRaceCell.m */ = {isa = PBXFileReference; fileEncoding = 4; lastKnownFileType = sourcecode.c.objc; path = OrganisedRaceCell.m; sourceTree = "<group>"; };
		8CE049EC1713210900A9D4BC /* OrganisedRaceViewController.h */ = {isa = PBXFileReference; fileEncoding = 4; lastKnownFileType = sourcecode.c.h; path = OrganisedRaceViewController.h; sourceTree = "<group>"; };
		8CE049ED1713210900A9D4BC /* OrganisedRaceViewController.m */ = {isa = PBXFileReference; fileEncoding = 4; lastKnownFileType = sourcecode.c.objc; path = OrganisedRaceViewController.m; sourceTree = "<group>"; };
		8CE049EF1713219100A9D4BC /* ActiveRaceViewController.h */ = {isa = PBXFileReference; fileEncoding = 4; lastKnownFileType = sourcecode.c.h; path = ActiveRaceViewController.h; sourceTree = "<group>"; };
		8CE049F01713219100A9D4BC /* ActiveRaceViewController.m */ = {isa = PBXFileReference; fileEncoding = 4; lastKnownFileType = sourcecode.c.objc; path = ActiveRaceViewController.m; sourceTree = "<group>"; };
		8CE049F21713223100A9D4BC /* ActiveRaceCell.h */ = {isa = PBXFileReference; fileEncoding = 4; lastKnownFileType = sourcecode.c.h; path = ActiveRaceCell.h; sourceTree = "<group>"; };
		8CE049F31713223100A9D4BC /* ActiveRaceCell.m */ = {isa = PBXFileReference; fileEncoding = 4; lastKnownFileType = sourcecode.c.objc; path = ActiveRaceCell.m; sourceTree = "<group>"; };
		8CE049F5171325A500A9D4BC /* AttendedRaceCell.h */ = {isa = PBXFileReference; fileEncoding = 4; lastKnownFileType = sourcecode.c.h; path = AttendedRaceCell.h; sourceTree = "<group>"; };
		8CE049F6171325A600A9D4BC /* AttendedRaceCell.m */ = {isa = PBXFileReference; fileEncoding = 4; lastKnownFileType = sourcecode.c.objc; path = AttendedRaceCell.m; sourceTree = "<group>"; };
		8CE049F81713264F00A9D4BC /* AttendedRaceViewController.h */ = {isa = PBXFileReference; fileEncoding = 4; lastKnownFileType = sourcecode.c.h; path = AttendedRaceViewController.h; sourceTree = "<group>"; };
		8CE049F91713264F00A9D4BC /* AttendedRaceViewController.m */ = {isa = PBXFileReference; fileEncoding = 4; lastKnownFileType = sourcecode.c.objc; path = AttendedRaceViewController.m; sourceTree = "<group>"; };
		8CE049FB1713271900A9D4BC /* BrowsedRaceCell.h */ = {isa = PBXFileReference; fileEncoding = 4; lastKnownFileType = sourcecode.c.h; path = BrowsedRaceCell.h; sourceTree = "<group>"; };
		8CE049FC1713271900A9D4BC /* BrowsedRaceCell.m */ = {isa = PBXFileReference; fileEncoding = 4; lastKnownFileType = sourcecode.c.objc; path = BrowsedRaceCell.m; sourceTree = "<group>"; };
		8CE04A01171328C000A9D4BC /* NewRaceViewController.h */ = {isa = PBXFileReference; fileEncoding = 4; lastKnownFileType = sourcecode.c.h; path = NewRaceViewController.h; sourceTree = "<group>"; };
		8CE04A02171328C100A9D4BC /* NewRaceViewController.m */ = {isa = PBXFileReference; fileEncoding = 4; lastKnownFileType = sourcecode.c.objc; path = NewRaceViewController.m; sourceTree = "<group>"; };
		8CE04A0417132A7800A9D4BC /* BrowsedRaceViewController.h */ = {isa = PBXFileReference; fileEncoding = 4; lastKnownFileType = sourcecode.c.h; path = BrowsedRaceViewController.h; sourceTree = "<group>"; };
		8CE04A0517132A7800A9D4BC /* BrowsedRaceViewController.m */ = {isa = PBXFileReference; fileEncoding = 4; lastKnownFileType = sourcecode.c.objc; path = BrowsedRaceViewController.m; sourceTree = "<group>"; };
/* End PBXFileReference section */

/* Begin PBXFrameworksBuildPhase section */
		19CC96C517071E7000D70DF0 /* Frameworks */ = {
			isa = PBXFrameworksBuildPhase;
			buildActionMask = 2147483647;
			files = (
				19CC97061707208A00D70DF0 /* SystemConfiguration.framework in Frameworks */,
				19CC97021707208A00D70DF0 /* QuartzCore.framework in Frameworks */,
				19075C0B1722A15C0043CC0D /* OpenGLES.framework in Frameworks */,
				19075C091722A14F0043CC0D /* libz.dylib in Frameworks */,
				19075C071722A13F0043CC0D /* libicucore.dylib in Frameworks */,
				19075C051722A1100043CC0D /* libc++.dylib in Frameworks */,
				19075C031722A1000043CC0D /* ImageIO.framework in Frameworks */,
				19075C011722A0F50043CC0D /* GLKit.framework in Frameworks */,
				19075BFF1722A0EB0043CC0D /* CoreText.framework in Frameworks */,
				19CC96FF1707208A00D70DF0 /* CoreLocation.framework in Frameworks */,
				19075BFD1722A0DC0043CC0D /* CoreData.framework in Frameworks */,
				19075BFB1722A0C80043CC0D /* AVFoundation.framework in Frameworks */,
				19CC97141707281500D70DF0 /* AdSupport.framework in Frameworks */,
				19CC9712170727D900D70DF0 /* libsqlite3.dylib in Frameworks */,
				19CC96FC1707208A00D70DF0 /* Accounts.framework in Frameworks */,
				19CC96FD1707208A00D70DF0 /* AudioToolbox.framework in Frameworks */,
				19CC96FE1707208A00D70DF0 /* CFNetwork.framework in Frameworks */,
				19CC97001707208A00D70DF0 /* libz.1.1.3.dylib in Frameworks */,
				19CC97011707208A00D70DF0 /* MobileCoreServices.framework in Frameworks */,
				19CC97031707208A00D70DF0 /* Security.framework in Frameworks */,
				19CC97041707208A00D70DF0 /* Social.framework in Frameworks */,
				19CC97051707208A00D70DF0 /* StoreKit.framework in Frameworks */,
				19CC96D117071E7000D70DF0 /* CoreGraphics.framework in Frameworks */,
				19CC96CD17071E7000D70DF0 /* UIKit.framework in Frameworks */,
				19CC96CF17071E7000D70DF0 /* Foundation.framework in Frameworks */,
				19CC96F017071FE900D70DF0 /* Parse.framework in Frameworks */,
				19CC970D1707248300D70DF0 /* FacebookSDK.framework in Frameworks */,
				19075BF717229F7A0043CC0D /* GoogleMaps.framework in Frameworks */,
			);
			runOnlyForDeploymentPostprocessing = 0;
		};
/* End PBXFrameworksBuildPhase section */

/* Begin PBXGroup section */
		19075BB9171749BE0043CC0D /* buttons */ = {
			isa = PBXGroup;
			children = (
				19075BBA171749BE0043CC0D /* blackButton.png */,
				19075BBB171749BE0043CC0D /* blackButton@2x.png */,
				19075BBC171749BE0043CC0D /* blackButtonHighlight.png */,
				19075BBD171749BE0043CC0D /* blackButtonHighlight@2x.png */,
				19075BBE171749BE0043CC0D /* blueButton.png */,
				19075BBF171749BE0043CC0D /* blueButton@2x.png */,
				19075BC0171749BE0043CC0D /* blueButtonHighlight.png */,
				19075BC1171749BE0043CC0D /* blueButtonHighlight@2x.png */,
				19075BC2171749BE0043CC0D /* greenButton.png */,
				19075BC3171749BE0043CC0D /* greenButton@2x.png */,
				19075BC4171749BE0043CC0D /* greenButtonHighlight.png */,
				19075BC5171749BE0043CC0D /* greenButtonHighlight@2x.png */,
				19075BC6171749BE0043CC0D /* greyButton.png */,
				19075BC7171749BE0043CC0D /* greyButton@2x.png */,
				19075BC8171749BE0043CC0D /* greyButton@2xpng */,
				19075BC9171749BE0043CC0D /* greyButtonHighlight.png */,
				19075BCA171749BE0043CC0D /* greyButtonHighlight@2x.png */,
				19075BCB171749BE0043CC0D /* orangeButton.png */,
				19075BCC171749BE0043CC0D /* orangeButton@2x.png */,
				19075BCD171749BE0043CC0D /* orangeButtonHighlight.png */,
				19075BCE171749BE0043CC0D /* orangeButtonHighlight@2x.png */,
				19075BCF171749BE0043CC0D /* tanButton.png */,
				19075BD0171749BE0043CC0D /* tanButton@2x.png */,
				19075BD1171749BE0043CC0D /* tanButtonHighlight.png */,
				19075BD2171749BE0043CC0D /* tanButtonHighlight@2x.png */,
				19075BD3171749BE0043CC0D /* whiteButton.png */,
				19075BD4171749BE0043CC0D /* whiteButton@2x.png */,
				19075BD5171749BE0043CC0D /* whiteButtonHighlight.png */,
				19075BD6171749BE0043CC0D /* whiteButtonHighlight@2x.png */,
			);
			path = buttons;
			sourceTree = "<group>";
		};
		19CC96BD17071E7000D70DF0 = {
			isa = PBXGroup;
			children = (
				19CC96D217071E7000D70DF0 /* JustRace */,
				19CC96CB17071E7000D70DF0 /* Frameworks */,
				19CC96C917071E7000D70DF0 /* Products */,
			);
			sourceTree = "<group>";
		};
		19CC96C917071E7000D70DF0 /* Products */ = {
			isa = PBXGroup;
			children = (
				19CC96C817071E7000D70DF0 /* JustRace.app */,
			);
			name = Products;
			sourceTree = "<group>";
		};
		19CC96CB17071E7000D70DF0 /* Frameworks */ = {
			isa = PBXGroup;
			children = (
				19075C0A1722A15C0043CC0D /* OpenGLES.framework */,
				19075C081722A14F0043CC0D /* libz.dylib */,
				19075C061722A13F0043CC0D /* libicucore.dylib */,
				19075C041722A1100043CC0D /* libc++.dylib */,
				19075C021722A1000043CC0D /* ImageIO.framework */,
				19075C001722A0F50043CC0D /* GLKit.framework */,
				19075BFE1722A0EB0043CC0D /* CoreText.framework */,
				19075BFC1722A0DC0043CC0D /* CoreData.framework */,
				19075BFA1722A0C80043CC0D /* AVFoundation.framework */,
				19075BF81722A0990043CC0D /* GoogleMaps.bundle */,
				19075BF617229F7A0043CC0D /* GoogleMaps.framework */,
				19CC9717170728CA00D70DF0 /* FBUserSettingsViewResources.bundle */,
				19CC9715170728BF00D70DF0 /* FacebookSDKResources.bundle */,
				19CC97131707281500D70DF0 /* AdSupport.framework */,
				19CC9711170727D900D70DF0 /* libsqlite3.dylib */,
				19CC970C1707248300D70DF0 /* FacebookSDK.framework */,
				19CC96F11707208A00D70DF0 /* Accounts.framework */,
				19CC96F21707208A00D70DF0 /* AudioToolbox.framework */,
				19CC96F31707208A00D70DF0 /* CFNetwork.framework */,
				19CC96F41707208A00D70DF0 /* CoreLocation.framework */,
				19CC96F51707208A00D70DF0 /* libz.1.1.3.dylib */,
				19CC96F61707208A00D70DF0 /* MobileCoreServices.framework */,
				19CC96F71707208A00D70DF0 /* QuartzCore.framework */,
				19CC96F81707208A00D70DF0 /* Security.framework */,
				19CC96F91707208A00D70DF0 /* Social.framework */,
				19CC96FA1707208A00D70DF0 /* StoreKit.framework */,
				19CC96FB1707208A00D70DF0 /* SystemConfiguration.framework */,
				19CC96EF17071FE900D70DF0 /* Parse.framework */,
				19CC96CC17071E7000D70DF0 /* UIKit.framework */,
				19CC96CE17071E7000D70DF0 /* Foundation.framework */,
				19CC96D017071E7000D70DF0 /* CoreGraphics.framework */,
			);
			name = Frameworks;
			sourceTree = "<group>";
		};
		19CC96D217071E7000D70DF0 /* JustRace */ = {
			isa = PBXGroup;
			children = (
				19CC96E417071E7000D70DF0 /* MainStoryboard.storyboard */,
				19CC96DC17071E7000D70DF0 /* RaceAppDelegate.m */,
				19CC96DB17071E7000D70DF0 /* RaceAppDelegate.h */,
				19CC96E717071E7100D70DF0 /* RaceViewController.h */,
				19CC96E817071E7100D70DF0 /* RaceViewController.m */,
				19CC96D317071E7000D70DF0 /* Supporting Files */,
				19CC970E170725BF00D70DF0 /* LoggedInViewController.h */,
				19CC970F170725BF00D70DF0 /* LoggedInViewController.m */,
				8C3150C8170C17C300A39561 /* RacesViewController.h */,
				8C3150C9170C17C300A39561 /* RacesViewController.m */,
				8C3150CB170C1B6600A39561 /* MyRacesViewController.h */,
				8C3150CC170C1B6600A39561 /* MyRacesViewController.m */,
				8C3150CE170C1BC200A39561 /* StatisticsViewController.h */,
				8C3150CF170C1BC200A39561 /* StatisticsViewController.m */,
				8C3150D1170C1CB200A39561 /* SpeedViewController.h */,
				8C3150D2170C1CB200A39561 /* SpeedViewController.m */,
				8C3150D4170C1CE400A39561 /* TimeViewController.h */,
				8C3150D5170C1CE500A39561 /* TimeViewController.m */,
				8C3150D7170C1D0A00A39561 /* DistanceViewController.h */,
				8C3150D8170C1D0A00A39561 /* DistanceViewController.m */,
				8C3150DA170C1D3F00A39561 /* AllAttendedViewController.h */,
				8C3150DB170C1D3F00A39561 /* AllAttendedViewController.m */,
				8C3150DD170C1D6400A39561 /* AllActiveViewController.h */,
				8C3150DE170C1D6400A39561 /* AllActiveViewController.m */,
				8C3150E0170C1D8800A39561 /* AllOrganisedViewController.h */,
				8C3150E1170C1D8800A39561 /* AllOrganisedViewController.m */,
				8CE049E61713167000A9D4BC /* AllRacesViewController.h */,
				8CE049E71713167000A9D4BC /* AllRacesViewController.m */,
				8CE049E91713196D00A9D4BC /* OrganisedRaceCell.h */,
				8CE049EA1713196D00A9D4BC /* OrganisedRaceCell.m */,
				8CE049EC1713210900A9D4BC /* OrganisedRaceViewController.h */,
				8CE049ED1713210900A9D4BC /* OrganisedRaceViewController.m */,
				8CE049EF1713219100A9D4BC /* ActiveRaceViewController.h */,
				8CE049F01713219100A9D4BC /* ActiveRaceViewController.m */,
				8CE049F21713223100A9D4BC /* ActiveRaceCell.h */,
				8CE049F31713223100A9D4BC /* ActiveRaceCell.m */,
				8CE049F5171325A500A9D4BC /* AttendedRaceCell.h */,
				8CE049F6171325A600A9D4BC /* AttendedRaceCell.m */,
				8CE049F81713264F00A9D4BC /* AttendedRaceViewController.h */,
				8CE049F91713264F00A9D4BC /* AttendedRaceViewController.m */,
				8CE049FB1713271900A9D4BC /* BrowsedRaceCell.h */,
				8CE049FC1713271900A9D4BC /* BrowsedRaceCell.m */,
				8CE04A01171328C000A9D4BC /* NewRaceViewController.h */,
				8CE04A02171328C100A9D4BC /* NewRaceViewController.m */,
				8CE04A0417132A7800A9D4BC /* BrowsedRaceViewController.h */,
				8CE04A0517132A7800A9D4BC /* BrowsedRaceViewController.m */,
				19075C101722A36F0043CC0D /* MapViewController.h */,
				19075C111722A36F0043CC0D /* MapViewController.m */,
				8C79C2C61725708C00013FAB /* GlobalVariables.h */,
				8C79C2C71725708C00013FAB /* GlobalVariables.m */,
			);
			path = JustRace;
			sourceTree = "<group>";
		};
		19CC96D317071E7000D70DF0 /* Supporting Files */ = {
			isa = PBXGroup;
			children = (
				19075BF4171751E00043CC0D /* silver-button-normal.png */,
				19075BB9171749BE0043CC0D /* buttons */,
				19075BB017171A000043CC0D /* green.png */,
				19CC96D417071E7000D70DF0 /* JustRace-Info.plist */,
				19CC96D517071E7000D70DF0 /* InfoPlist.strings */,
				19CC96D817071E7000D70DF0 /* main.m */,
				19CC96DA17071E7000D70DF0 /* JustRace-Prefix.pch */,
				19CC96DE17071E7000D70DF0 /* Default.png */,
				19CC96E017071E7000D70DF0 /* Default@2x.png */,
				19CC96E217071E7000D70DF0 /* Default-568h@2x.png */,
			);
			name = "Supporting Files";
			sourceTree = "<group>";
		};
/* End PBXGroup section */

/* Begin PBXNativeTarget section */
		19CC96C717071E7000D70DF0 /* JustRace */ = {
			isa = PBXNativeTarget;
			buildConfigurationList = 19CC96EC17071E7100D70DF0 /* Build configuration list for PBXNativeTarget "JustRace" */;
			buildPhases = (
				19CC96C417071E7000D70DF0 /* Sources */,
				19CC96C517071E7000D70DF0 /* Frameworks */,
				19CC96C617071E7000D70DF0 /* Resources */,
			);
			buildRules = (
			);
			dependencies = (
			);
			name = JustRace;
			productName = JustRace;
			productReference = 19CC96C817071E7000D70DF0 /* JustRace.app */;
			productType = "com.apple.product-type.application";
		};
/* End PBXNativeTarget section */

/* Begin PBXProject section */
		19CC96BF17071E7000D70DF0 /* Project object */ = {
			isa = PBXProject;
			attributes = {
				CLASSPREFIX = Race;
				LastUpgradeCheck = 0450;
				ORGANIZATIONNAME = "Andra Mititelu";
			};
			buildConfigurationList = 19CC96C217071E7000D70DF0 /* Build configuration list for PBXProject "JustRace" */;
			compatibilityVersion = "Xcode 3.2";
			developmentRegion = English;
			hasScannedForEncodings = 0;
			knownRegions = (
				en,
			);
			mainGroup = 19CC96BD17071E7000D70DF0;
			productRefGroup = 19CC96C917071E7000D70DF0 /* Products */;
			projectDirPath = "";
			projectRoot = "";
			targets = (
				19CC96C717071E7000D70DF0 /* JustRace */,
			);
		};
/* End PBXProject section */

/* Begin PBXResourcesBuildPhase section */
		19CC96C617071E7000D70DF0 /* Resources */ = {
			isa = PBXResourcesBuildPhase;
			buildActionMask = 2147483647;
			files = (
				19CC96D717071E7000D70DF0 /* InfoPlist.strings in Resources */,
				19CC96DF17071E7000D70DF0 /* Default.png in Resources */,
				19CC96E117071E7000D70DF0 /* Default@2x.png in Resources */,
				19CC96E317071E7000D70DF0 /* Default-568h@2x.png in Resources */,
				19CC96E617071E7000D70DF0 /* MainStoryboard.storyboard in Resources */,
				19CC9716170728BF00D70DF0 /* FacebookSDKResources.bundle in Resources */,
				19CC9718170728CA00D70DF0 /* FBUserSettingsViewResources.bundle in Resources */,
				19075BB117171A000043CC0D /* green.png in Resources */,
				19075BD7171749BE0043CC0D /* blackButton.png in Resources */,
				19075BD8171749BE0043CC0D /* blackButton@2x.png in Resources */,
				19075BD9171749BE0043CC0D /* blackButtonHighlight.png in Resources */,
				19075BDA171749BE0043CC0D /* blackButtonHighlight@2x.png in Resources */,
				19075BDB171749BE0043CC0D /* blueButton.png in Resources */,
				19075BDC171749BE0043CC0D /* blueButton@2x.png in Resources */,
				19075BDD171749BE0043CC0D /* blueButtonHighlight.png in Resources */,
				19075BDE171749BE0043CC0D /* blueButtonHighlight@2x.png in Resources */,
				19075BDF171749BE0043CC0D /* greenButton.png in Resources */,
				19075BE0171749BE0043CC0D /* greenButton@2x.png in Resources */,
				19075BE1171749BE0043CC0D /* greenButtonHighlight.png in Resources */,
				19075BE2171749BE0043CC0D /* greenButtonHighlight@2x.png in Resources */,
				19075BE3171749BE0043CC0D /* greyButton.png in Resources */,
				19075BE4171749BE0043CC0D /* greyButton@2x.png in Resources */,
				19075BE5171749BE0043CC0D /* greyButton@2xpng in Resources */,
				19075BE6171749BE0043CC0D /* greyButtonHighlight.png in Resources */,
				19075BE7171749BE0043CC0D /* greyButtonHighlight@2x.png in Resources */,
				19075BE8171749BE0043CC0D /* orangeButton.png in Resources */,
				19075BE9171749BE0043CC0D /* orangeButton@2x.png in Resources */,
				19075BEA171749BE0043CC0D /* orangeButtonHighlight.png in Resources */,
				19075BEB171749BE0043CC0D /* orangeButtonHighlight@2x.png in Resources */,
				19075BEC171749BE0043CC0D /* tanButton.png in Resources */,
				19075BED171749BE0043CC0D /* tanButton@2x.png in Resources */,
				19075BEE171749BE0043CC0D /* tanButtonHighlight.png in Resources */,
				19075BEF171749BE0043CC0D /* tanButtonHighlight@2x.png in Resources */,
				19075BF0171749BE0043CC0D /* whiteButton.png in Resources */,
				19075BF1171749BE0043CC0D /* whiteButton@2x.png in Resources */,
				19075BF2171749BE0043CC0D /* whiteButtonHighlight.png in Resources */,
				19075BF3171749BE0043CC0D /* whiteButtonHighlight@2x.png in Resources */,
				19075BF5171751E00043CC0D /* silver-button-normal.png in Resources */,
				19075BF91722A0990043CC0D /* GoogleMaps.bundle in Resources */,
			);
			runOnlyForDeploymentPostprocessing = 0;
		};
/* End PBXResourcesBuildPhase section */

/* Begin PBXSourcesBuildPhase section */
		19CC96C417071E7000D70DF0 /* Sources */ = {
			isa = PBXSourcesBuildPhase;
			buildActionMask = 2147483647;
			files = (
				19CC96D917071E7000D70DF0 /* main.m in Sources */,
				19CC96DD17071E7000D70DF0 /* RaceAppDelegate.m in Sources */,
				19CC96E917071E7100D70DF0 /* RaceViewController.m in Sources */,
				19CC9710170725BF00D70DF0 /* LoggedInViewController.m in Sources */,
				8C3150CA170C17C300A39561 /* RacesViewController.m in Sources */,
				8C3150CD170C1B6600A39561 /* MyRacesViewController.m in Sources */,
				8C3150D0170C1BC200A39561 /* StatisticsViewController.m in Sources */,
				8C3150D3170C1CB200A39561 /* SpeedViewController.m in Sources */,
				8C3150D6170C1CE500A39561 /* TimeViewController.m in Sources */,
				8C3150D9170C1D0A00A39561 /* DistanceViewController.m in Sources */,
				8C3150DC170C1D3F00A39561 /* AllAttendedViewController.m in Sources */,
				8C3150DF170C1D6400A39561 /* AllActiveViewController.m in Sources */,
				8C3150E2170C1D8800A39561 /* AllOrganisedViewController.m in Sources */,
				8CE049E81713167000A9D4BC /* AllRacesViewController.m in Sources */,
				8CE049EB1713196D00A9D4BC /* OrganisedRaceCell.m in Sources */,
				8CE049EE1713210900A9D4BC /* OrganisedRaceViewController.m in Sources */,
				8CE049F11713219100A9D4BC /* ActiveRaceViewController.m in Sources */,
				8CE049F41713223100A9D4BC /* ActiveRaceCell.m in Sources */,
				8CE049F7171325A600A9D4BC /* AttendedRaceCell.m in Sources */,
				8CE049FA1713264F00A9D4BC /* AttendedRaceViewController.m in Sources */,
				8CE049FD1713271900A9D4BC /* BrowsedRaceCell.m in Sources */,
				8CE04A03171328C100A9D4BC /* NewRaceViewController.m in Sources */,
				8CE04A0617132A7800A9D4BC /* BrowsedRaceViewController.m in Sources */,
				19075C121722A3700043CC0D /* MapViewController.m in Sources */,
				8C79C2C81725708C00013FAB /* GlobalVariables.m in Sources */,
			);
			runOnlyForDeploymentPostprocessing = 0;
		};
/* End PBXSourcesBuildPhase section */

/* Begin PBXVariantGroup section */
		19CC96D517071E7000D70DF0 /* InfoPlist.strings */ = {
			isa = PBXVariantGroup;
			children = (
				19CC96D617071E7000D70DF0 /* en */,
			);
			name = InfoPlist.strings;
			sourceTree = "<group>";
		};
		19CC96E417071E7000D70DF0 /* MainStoryboard.storyboard */ = {
			isa = PBXVariantGroup;
			children = (
				19CC96E517071E7000D70DF0 /* en */,
			);
			name = MainStoryboard.storyboard;
			sourceTree = "<group>";
		};
/* End PBXVariantGroup section */

/* Begin XCBuildConfiguration section */
		19CC96EA17071E7100D70DF0 /* Debug */ = {
			isa = XCBuildConfiguration;
			buildSettings = {
				ALWAYS_SEARCH_USER_PATHS = NO;
				ARCHS = (
					amrv7,
					"$(ARCHS_STANDARD_32_BIT)",
				);
				CLANG_CXX_LANGUAGE_STANDARD = "gnu++0x";
				CLANG_CXX_LIBRARY = "libc++";
				CLANG_ENABLE_OBJC_ARC = YES;
				CLANG_WARN_EMPTY_BODY = YES;
				CLANG_WARN__DUPLICATE_METHOD_MATCH = YES;
				"CODE_SIGN_IDENTITY[sdk=iphoneos*]" = "iPhone Developer";
				COPY_PHASE_STRIP = NO;
				GCC_C_LANGUAGE_STANDARD = gnu99;
				GCC_DYNAMIC_NO_PIC = NO;
				GCC_OPTIMIZATION_LEVEL = 0;
				GCC_PREPROCESSOR_DEFINITIONS = (
					"DEBUG=1",
					"$(inherited)",
				);
				GCC_SYMBOLS_PRIVATE_EXTERN = NO;
				GCC_WARN_ABOUT_RETURN_TYPE = YES;
				GCC_WARN_UNINITIALIZED_AUTOS = YES;
				GCC_WARN_UNUSED_VARIABLE = YES;
				IPHONEOS_DEPLOYMENT_TARGET = 6.0;
				ONLY_ACTIVE_ARCH = YES;
				OTHER_LDFLAGS = "-ObjC";
				SDKROOT = iphoneos;
			};
			name = Debug;
		};
		19CC96EB17071E7100D70DF0 /* Release */ = {
			isa = XCBuildConfiguration;
			buildSettings = {
				ALWAYS_SEARCH_USER_PATHS = NO;
				ARCHS = (
					amrv7,
					"$(ARCHS_STANDARD_32_BIT)",
				);
				CLANG_CXX_LANGUAGE_STANDARD = "gnu++0x";
				CLANG_CXX_LIBRARY = "libc++";
				CLANG_ENABLE_OBJC_ARC = YES;
				CLANG_WARN_EMPTY_BODY = YES;
				CLANG_WARN__DUPLICATE_METHOD_MATCH = YES;
				"CODE_SIGN_IDENTITY[sdk=iphoneos*]" = "iPhone Developer";
				COPY_PHASE_STRIP = YES;
				GCC_C_LANGUAGE_STANDARD = gnu99;
				GCC_WARN_ABOUT_RETURN_TYPE = YES;
				GCC_WARN_UNINITIALIZED_AUTOS = YES;
				GCC_WARN_UNUSED_VARIABLE = YES;
				IPHONEOS_DEPLOYMENT_TARGET = 6.0;
				OTHER_CFLAGS = "-DNS_BLOCK_ASSERTIONS=1";
				OTHER_LDFLAGS = "-ObjC";
				SDKROOT = iphoneos;
				VALIDATE_PRODUCT = YES;
			};
			name = Release;
		};
		19CC96ED17071E7100D70DF0 /* Debug */ = {
			isa = XCBuildConfiguration;
			buildSettings = {
				FRAMEWORK_SEARCH_PATHS = (
					"$(inherited)",
					"\"$(SRCROOT)\"",
				);
				GCC_PRECOMPILE_PREFIX_HEADER = YES;
				GCC_PREFIX_HEADER = "JustRace/JustRace-Prefix.pch";
				INFOPLIST_FILE = "JustRace/JustRace-Info.plist";
				PRODUCT_NAME = "$(TARGET_NAME)";
				WRAPPER_EXTENSION = app;
			};
			name = Debug;
		};
		19CC96EE17071E7100D70DF0 /* Release */ = {
			isa = XCBuildConfiguration;
			buildSettings = {
				FRAMEWORK_SEARCH_PATHS = (
					"$(inherited)",
					"\"$(SRCROOT)\"",
				);
				GCC_PRECOMPILE_PREFIX_HEADER = YES;
				GCC_PREFIX_HEADER = "JustRace/JustRace-Prefix.pch";
				INFOPLIST_FILE = "JustRace/JustRace-Info.plist";
				PRODUCT_NAME = "$(TARGET_NAME)";
				WRAPPER_EXTENSION = app;
			};
			name = Release;
		};
/* End XCBuildConfiguration section */

/* Begin XCConfigurationList section */
		19CC96C217071E7000D70DF0 /* Build configuration list for PBXProject "JustRace" */ = {
			isa = XCConfigurationList;
			buildConfigurations = (
				19CC96EA17071E7100D70DF0 /* Debug */,
				19CC96EB17071E7100D70DF0 /* Release */,
			);
			defaultConfigurationIsVisible = 0;
			defaultConfigurationName = Release;
		};
		19CC96EC17071E7100D70DF0 /* Build configuration list for PBXNativeTarget "JustRace" */ = {
			isa = XCConfigurationList;
			buildConfigurations = (
				19CC96ED17071E7100D70DF0 /* Debug */,
				19CC96EE17071E7100D70DF0 /* Release */,
			);
			defaultConfigurationIsVisible = 0;
			defaultConfigurationName = Release;
		};
/* End XCConfigurationList section */
	};
	rootObject = 19CC96BF17071E7000D70DF0 /* Project object */;
}
