// !$*UTF8*$!
{
	archiveVersion = 1;
	classes = {
	};
	objectVersion = 46;
	objects = {

/* Begin PBXBuildFile section */
		19CC96CD17071E7000D70DF0 /* UIKit.framework in Frameworks */ = {isa = PBXBuildFile; fileRef = 19CC96CC17071E7000D70DF0 /* UIKit.framework */; };
		19CC96CF17071E7000D70DF0 /* Foundation.framework in Frameworks */ = {isa = PBXBuildFile; fileRef = 19CC96CE17071E7000D70DF0 /* Foundation.framework */; };
		19CC96D117071E7000D70DF0 /* CoreGraphics.framework in Frameworks */ = {isa = PBXBuildFile; fileRef = 19CC96D017071E7000D70DF0 /* CoreGraphics.framework */; };
		19CC96D717071E7000D70DF0 /* InfoPlist.strings in Resources */ = {isa = PBXBuildFile; fileRef = 19CC96D517071E7000D70DF0 /* InfoPlist.strings */; };
		19CC96D917071E7000D70DF0 /* main.m in Sources */ = {isa = PBXBuildFile; fileRef = 19CC96D817071E7000D70DF0 /* main.m */; };
		19CC96DD17071E7000D70DF0 /* RaceAppDelegate.m in Sources */ = {isa = PBXBuildFile; fileRef = 19CC96DC17071E7000D70DF0 /* RaceAppDelegate.m */; };
		19CC96DF17071E7000D70DF0 /* Default.png in Resources */ = {isa = PBXBuildFile; fileRef = 19CC96DE17071E7000D70DF0 /* Default.png */; };
		19CC96E117071E7000D70DF0 /* Default@2x.png in Resources */ = {isa = PBXBuildFile; fileRef = 19CC96E017071E7000D70DF0 /* Default@2x.png */; };
		19CC96E317071E7000D70DF0 /* Default-568h@2x.png in Resources */ = {isa = PBXBuildFile; fileRef = 19CC96E217071E7000D70DF0 /* Default-568h@2x.png */; };
		19CC96E617071E7000D70DF0 /* MainStoryboard.storyboard in Resources */ = {isa = PBXBuildFile; fileRef = 19CC96E417071E7000D70DF0 /* MainStoryboard.storyboard */; };
		19CC96E917071E7100D70DF0 /* RaceViewController.m in Sources */ = {isa = PBXBuildFile; fileRef = 19CC96E817071E7100D70DF0 /* RaceViewController.m */; };
		19CC96F017071FE900D70DF0 /* Parse.framework in Frameworks */ = {isa = PBXBuildFile; fileRef = 19CC96EF17071FE900D70DF0 /* Parse.framework */; };
		19CC96FC1707208A00D70DF0 /* Accounts.framework in Frameworks */ = {isa = PBXBuildFile; fileRef = 19CC96F11707208A00D70DF0 /* Accounts.framework */; settings = {ATTRIBUTES = (Required, ); }; };
		19CC96FD1707208A00D70DF0 /* AudioToolbox.framework in Frameworks */ = {isa = PBXBuildFile; fileRef = 19CC96F21707208A00D70DF0 /* AudioToolbox.framework */; };
		19CC96FE1707208A00D70DF0 /* CFNetwork.framework in Frameworks */ = {isa = PBXBuildFile; fileRef = 19CC96F31707208A00D70DF0 /* CFNetwork.framework */; };
		19CC96FF1707208A00D70DF0 /* CoreLocation.framework in Frameworks */ = {isa = PBXBuildFile; fileRef = 19CC96F41707208A00D70DF0 /* CoreLocation.framework */; };
		19CC97001707208A00D70DF0 /* libz.1.1.3.dylib in Frameworks */ = {isa = PBXBuildFile; fileRef = 19CC96F51707208A00D70DF0 /* libz.1.1.3.dylib */; };
		19CC97011707208A00D70DF0 /* MobileCoreServices.framework in Frameworks */ = {isa = PBXBuildFile; fileRef = 19CC96F61707208A00D70DF0 /* MobileCoreServices.framework */; };
		19CC97021707208A00D70DF0 /* QuartzCore.framework in Frameworks */ = {isa = PBXBuildFile; fileRef = 19CC96F71707208A00D70DF0 /* QuartzCore.framework */; };
		19CC97031707208A00D70DF0 /* Security.framework in Frameworks */ = {isa = PBXBuildFile; fileRef = 19CC96F81707208A00D70DF0 /* Security.framework */; };
		19CC97041707208A00D70DF0 /* Social.framework in Frameworks */ = {isa = PBXBuildFile; fileRef = 19CC96F91707208A00D70DF0 /* Social.framework */; };
		19CC97051707208A00D70DF0 /* StoreKit.framework in Frameworks */ = {isa = PBXBuildFile; fileRef = 19CC96FA1707208A00D70DF0 /* StoreKit.framework */; };
		19CC97061707208A00D70DF0 /* SystemConfiguration.framework in Frameworks */ = {isa = PBXBuildFile; fileRef = 19CC96FB1707208A00D70DF0 /* SystemConfiguration.framework */; };
		19CC970D1707248300D70DF0 /* FacebookSDK.framework in Frameworks */ = {isa = PBXBuildFile; fileRef = 19CC970C1707248300D70DF0 /* FacebookSDK.framework */; };
		19CC9710170725BF00D70DF0 /* LoggedInViewController.m in Sources */ = {isa = PBXBuildFile; fileRef = 19CC970F170725BF00D70DF0 /* LoggedInViewController.m */; };
		19CC9712170727D900D70DF0 /* libsqlite3.dylib in Frameworks */ = {isa = PBXBuildFile; fileRef = 19CC9711170727D900D70DF0 /* libsqlite3.dylib */; };
		19CC97141707281500D70DF0 /* AdSupport.framework in Frameworks */ = {isa = PBXBuildFile; fileRef = 19CC97131707281500D70DF0 /* AdSupport.framework */; };
		19CC9716170728BF00D70DF0 /* FacebookSDKResources.bundle in Resources */ = {isa = PBXBuildFile; fileRef = 19CC9715170728BF00D70DF0 /* FacebookSDKResources.bundle */; };
		19CC9718170728CA00D70DF0 /* FBUserSettingsViewResources.bundle in Resources */ = {isa = PBXBuildFile; fileRef = 19CC9717170728CA00D70DF0 /* FBUserSettingsViewResources.bundle */; };
/* End PBXBuildFile section */

/* Begin PBXFileReference section */
		19CC96C817071E7000D70DF0 /* JustRace.app */ = {isa = PBXFileReference; explicitFileType = wrapper.application; includeInIndex = 0; path = JustRace.app; sourceTree = BUILT_PRODUCTS_DIR; };
		19CC96CC17071E7000D70DF0 /* UIKit.framework */ = {isa = PBXFileReference; lastKnownFileType = wrapper.framework; name = UIKit.framework; path = System/Library/Frameworks/UIKit.framework; sourceTree = SDKROOT; };
		19CC96CE17071E7000D70DF0 /* Foundation.framework */ = {isa = PBXFileReference; lastKnownFileType = wrapper.framework; name = Foundation.framework; path = System/Library/Frameworks/Foundation.framework; sourceTree = SDKROOT; };
		19CC96D017071E7000D70DF0 /* CoreGraphics.framework */ = {isa = PBXFileReference; lastKnownFileType = wrapper.framework; name = CoreGraphics.framework; path = System/Library/Frameworks/CoreGraphics.framework; sourceTree = SDKROOT; };
		19CC96D417071E7000D70DF0 /* JustRace-Info.plist */ = {isa = PBXFileReference; lastKnownFileType = text.plist.xml; path = "JustRace-Info.plist"; sourceTree = "<group>"; };
		19CC96D617071E7000D70DF0 /* en */ = {isa = PBXFileReference; lastKnownFileType = text.plist.strings; name = en; path = en.lproj/InfoPlist.strings; sourceTree = "<group>"; };
		19CC96D817071E7000D70DF0 /* main.m */ = {isa = PBXFileReference; lastKnownFileType = sourcecode.c.objc; path = main.m; sourceTree = "<group>"; };
		19CC96DA17071E7000D70DF0 /* JustRace-Prefix.pch */ = {isa = PBXFileReference; lastKnownFileType = sourcecode.c.h; path = "JustRace-Prefix.pch"; sourceTree = "<group>"; };
		19CC96DB17071E7000D70DF0 /* RaceAppDelegate.h */ = {isa = PBXFileReference; lastKnownFileType = sourcecode.c.h; path = RaceAppDelegate.h; sourceTree = "<group>"; };
		19CC96DC17071E7000D70DF0 /* RaceAppDelegate.m */ = {isa = PBXFileReference; lastKnownFileType = sourcecode.c.objc; path = RaceAppDelegate.m; sourceTree = "<group>"; };
		19CC96DE17071E7000D70DF0 /* Default.png */ = {isa = PBXFileReference; lastKnownFileType = image.png; path = Default.png; sourceTree = "<group>"; };
		19CC96E017071E7000D70DF0 /* Default@2x.png */ = {isa = PBXFileReference; lastKnownFileType = image.png; path = "Default@2x.png"; sourceTree = "<group>"; };
		19CC96E217071E7000D70DF0 /* Default-568h@2x.png */ = {isa = PBXFileReference; lastKnownFileType = image.png; path = "Default-568h@2x.png"; sourceTree = "<group>"; };
		19CC96E517071E7000D70DF0 /* en */ = {isa = PBXFileReference; lastKnownFileType = file.storyboard; name = en; path = en.lproj/MainStoryboard.storyboard; sourceTree = "<group>"; };
		19CC96E717071E7100D70DF0 /* RaceViewController.h */ = {isa = PBXFileReference; lastKnownFileType = sourcecode.c.h; path = RaceViewController.h; sourceTree = "<group>"; };
		19CC96E817071E7100D70DF0 /* RaceViewController.m */ = {isa = PBXFileReference; lastKnownFileType = sourcecode.c.objc; path = RaceViewController.m; sourceTree = "<group>"; };
		19CC96EF17071FE900D70DF0 /* Parse.framework */ = {isa = PBXFileReference; lastKnownFileType = wrapper.framework; path = Parse.framework; sourceTree = "<group>"; };
		19CC96F11707208A00D70DF0 /* Accounts.framework */ = {isa = PBXFileReference; lastKnownFileType = wrapper.framework; name = Accounts.framework; path = System/Library/Frameworks/Accounts.framework; sourceTree = SDKROOT; };
		19CC96F21707208A00D70DF0 /* AudioToolbox.framework */ = {isa = PBXFileReference; lastKnownFileType = wrapper.framework; name = AudioToolbox.framework; path = System/Library/Frameworks/AudioToolbox.framework; sourceTree = SDKROOT; };
		19CC96F31707208A00D70DF0 /* CFNetwork.framework */ = {isa = PBXFileReference; lastKnownFileType = wrapper.framework; name = CFNetwork.framework; path = System/Library/Frameworks/CFNetwork.framework; sourceTree = SDKROOT; };
		19CC96F41707208A00D70DF0 /* CoreLocation.framework */ = {isa = PBXFileReference; lastKnownFileType = wrapper.framework; name = CoreLocation.framework; path = System/Library/Frameworks/CoreLocation.framework; sourceTree = SDKROOT; };
		19CC96F51707208A00D70DF0 /* libz.1.1.3.dylib */ = {isa = PBXFileReference; lastKnownFileType = "compiled.mach-o.dylib"; name = libz.1.1.3.dylib; path = usr/lib/libz.1.1.3.dylib; sourceTree = SDKROOT; };
		19CC96F61707208A00D70DF0 /* MobileCoreServices.framework */ = {isa = PBXFileReference; lastKnownFileType = wrapper.framework; name = MobileCoreServices.framework; path = System/Library/Frameworks/MobileCoreServices.framework; sourceTree = SDKROOT; };
		19CC96F71707208A00D70DF0 /* QuartzCore.framework */ = {isa = PBXFileReference; lastKnownFileType = wrapper.framework; name = QuartzCore.framework; path = System/Library/Frameworks/QuartzCore.framework; sourceTree = SDKROOT; };
		19CC96F81707208A00D70DF0 /* Security.framework */ = {isa = PBXFileReference; lastKnownFileType = wrapper.framework; name = Security.framework; path = System/Library/Frameworks/Security.framework; sourceTree = SDKROOT; };
		19CC96F91707208A00D70DF0 /* Social.framework */ = {isa = PBXFileReference; lastKnownFileType = wrapper.framework; name = Social.framework; path = System/Library/Frameworks/Social.framework; sourceTree = SDKROOT; };
		19CC96FA1707208A00D70DF0 /* StoreKit.framework */ = {isa = PBXFileReference; lastKnownFileType = wrapper.framework; name = StoreKit.framework; path = System/Library/Frameworks/StoreKit.framework; sourceTree = SDKROOT; };
		19CC96FB1707208A00D70DF0 /* SystemConfiguration.framework */ = {isa = PBXFileReference; lastKnownFileType = wrapper.framework; name = SystemConfiguration.framework; path = System/Library/Frameworks/SystemConfiguration.framework; sourceTree = SDKROOT; };
		19CC970C1707248300D70DF0 /* FacebookSDK.framework */ = {isa = PBXFileReference; lastKnownFileType = wrapper.framework; path = FacebookSDK.framework; sourceTree = "<group>"; };
		19CC970E170725BF00D70DF0 /* LoggedInViewController.h */ = {isa = PBXFileReference; fileEncoding = 4; lastKnownFileType = sourcecode.c.h; path = LoggedInViewController.h; sourceTree = "<group>"; };
		19CC970F170725BF00D70DF0 /* LoggedInViewController.m */ = {isa = PBXFileReference; fileEncoding = 4; lastKnownFileType = sourcecode.c.objc; path = LoggedInViewController.m; sourceTree = "<group>"; };
		19CC9711170727D900D70DF0 /* libsqlite3.dylib */ = {isa = PBXFileReference; lastKnownFileType = "compiled.mach-o.dylib"; name = libsqlite3.dylib; path = usr/lib/libsqlite3.dylib; sourceTree = SDKROOT; };
		19CC97131707281500D70DF0 /* AdSupport.framework */ = {isa = PBXFileReference; lastKnownFileType = wrapper.framework; name = AdSupport.framework; path = System/Library/Frameworks/AdSupport.framework; sourceTree = SDKROOT; };
		19CC9715170728BF00D70DF0 /* FacebookSDKResources.bundle */ = {isa = PBXFileReference; lastKnownFileType = "wrapper.plug-in"; path = FacebookSDKResources.bundle; sourceTree = "<group>"; };
		19CC9717170728CA00D70DF0 /* FBUserSettingsViewResources.bundle */ = {isa = PBXFileReference; lastKnownFileType = "wrapper.plug-in"; path = FBUserSettingsViewResources.bundle; sourceTree = "<group>"; };
/* End PBXFileReference section */

/* Begin PBXFrameworksBuildPhase section */
		19CC96C517071E7000D70DF0 /* Frameworks */ = {
			isa = PBXFrameworksBuildPhase;
			buildActionMask = 2147483647;
			files = (
				19CC97141707281500D70DF0 /* AdSupport.framework in Frameworks */,
				19CC9712170727D900D70DF0 /* libsqlite3.dylib in Frameworks */,
				19CC96FC1707208A00D70DF0 /* Accounts.framework in Frameworks */,
				19CC96FD1707208A00D70DF0 /* AudioToolbox.framework in Frameworks */,
				19CC96FE1707208A00D70DF0 /* CFNetwork.framework in Frameworks */,
				19CC96FF1707208A00D70DF0 /* CoreLocation.framework in Frameworks */,
				19CC97001707208A00D70DF0 /* libz.1.1.3.dylib in Frameworks */,
				19CC97011707208A00D70DF0 /* MobileCoreServices.framework in Frameworks */,
				19CC97021707208A00D70DF0 /* QuartzCore.framework in Frameworks */,
				19CC97031707208A00D70DF0 /* Security.framework in Frameworks */,
				19CC97041707208A00D70DF0 /* Social.framework in Frameworks */,
				19CC97051707208A00D70DF0 /* StoreKit.framework in Frameworks */,
				19CC97061707208A00D70DF0 /* SystemConfiguration.framework in Frameworks */,
				19CC96D117071E7000D70DF0 /* CoreGraphics.framework in Frameworks */,
				19CC96CD17071E7000D70DF0 /* UIKit.framework in Frameworks */,
				19CC96CF17071E7000D70DF0 /* Foundation.framework in Frameworks */,
				19CC96F017071FE900D70DF0 /* Parse.framework in Frameworks */,
				19CC970D1707248300D70DF0 /* FacebookSDK.framework in Frameworks */,
			);
			runOnlyForDeploymentPostprocessing = 0;
		};
/* End PBXFrameworksBuildPhase section */

/* Begin PBXGroup section */
		19CC96BD17071E7000D70DF0 = {
			isa = PBXGroup;
			children = (
				19CC96D217071E7000D70DF0 /* JustRace */,
				19CC96CB17071E7000D70DF0 /* Frameworks */,
				19CC96C917071E7000D70DF0 /* Products */,
			);
			sourceTree = "<group>";
		};
		19CC96C917071E7000D70DF0 /* Products */ = {
			isa = PBXGroup;
			children = (
				19CC96C817071E7000D70DF0 /* JustRace.app */,
			);
			name = Products;
			sourceTree = "<group>";
		};
		19CC96CB17071E7000D70DF0 /* Frameworks */ = {
			isa = PBXGroup;
			children = (
				19CC9717170728CA00D70DF0 /* FBUserSettingsViewResources.bundle */,
				19CC9715170728BF00D70DF0 /* FacebookSDKResources.bundle */,
				19CC97131707281500D70DF0 /* AdSupport.framework */,
				19CC9711170727D900D70DF0 /* libsqlite3.dylib */,
				19CC970C1707248300D70DF0 /* FacebookSDK.framework */,
				19CC96F11707208A00D70DF0 /* Accounts.framework */,
				19CC96F21707208A00D70DF0 /* AudioToolbox.framework */,
				19CC96F31707208A00D70DF0 /* CFNetwork.framework */,
				19CC96F41707208A00D70DF0 /* CoreLocation.framework */,
				19CC96F51707208A00D70DF0 /* libz.1.1.3.dylib */,
				19CC96F61707208A00D70DF0 /* MobileCoreServices.framework */,
				19CC96F71707208A00D70DF0 /* QuartzCore.framework */,
				19CC96F81707208A00D70DF0 /* Security.framework */,
				19CC96F91707208A00D70DF0 /* Social.framework */,
				19CC96FA1707208A00D70DF0 /* StoreKit.framework */,
				19CC96FB1707208A00D70DF0 /* SystemConfiguration.framework */,
				19CC96EF17071FE900D70DF0 /* Parse.framework */,
				19CC96CC17071E7000D70DF0 /* UIKit.framework */,
				19CC96CE17071E7000D70DF0 /* Foundation.framework */,
				19CC96D017071E7000D70DF0 /* CoreGraphics.framework */,
			);
			name = Frameworks;
			sourceTree = "<group>";
		};
		19CC96D217071E7000D70DF0 /* JustRace */ = {
			isa = PBXGroup;
			children = (
				19CC96E417071E7000D70DF0 /* MainStoryboard.storyboard */,
				19CC96DC17071E7000D70DF0 /* RaceAppDelegate.m */,
				19CC96DB17071E7000D70DF0 /* RaceAppDelegate.h */,
				19CC96E717071E7100D70DF0 /* RaceViewController.h */,
				19CC96E817071E7100D70DF0 /* RaceViewController.m */,
				19CC96D317071E7000D70DF0 /* Supporting Files */,
				19CC970E170725BF00D70DF0 /* LoggedInViewController.h */,
				19CC970F170725BF00D70DF0 /* LoggedInViewController.m */,
			);
			path = JustRace;
			sourceTree = "<group>";
		};
		19CC96D317071E7000D70DF0 /* Supporting Files */ = {
			isa = PBXGroup;
			children = (
				19CC96D417071E7000D70DF0 /* JustRace-Info.plist */,
				19CC96D517071E7000D70DF0 /* InfoPlist.strings */,
				19CC96D817071E7000D70DF0 /* main.m */,
				19CC96DA17071E7000D70DF0 /* JustRace-Prefix.pch */,
				19CC96DE17071E7000D70DF0 /* Default.png */,
				19CC96E017071E7000D70DF0 /* Default@2x.png */,
				19CC96E217071E7000D70DF0 /* Default-568h@2x.png */,
			);
			name = "Supporting Files";
			sourceTree = "<group>";
		};
/* End PBXGroup section */

/* Begin PBXNativeTarget section */
		19CC96C717071E7000D70DF0 /* JustRace */ = {
			isa = PBXNativeTarget;
			buildConfigurationList = 19CC96EC17071E7100D70DF0 /* Build configuration list for PBXNativeTarget "JustRace" */;
			buildPhases = (
				19CC96C417071E7000D70DF0 /* Sources */,
				19CC96C517071E7000D70DF0 /* Frameworks */,
				19CC96C617071E7000D70DF0 /* Resources */,
			);
			buildRules = (
			);
			dependencies = (
			);
			name = JustRace;
			productName = JustRace;
			productReference = 19CC96C817071E7000D70DF0 /* JustRace.app */;
			productType = "com.apple.product-type.application";
		};
/* End PBXNativeTarget section */

/* Begin PBXProject section */
		19CC96BF17071E7000D70DF0 /* Project object */ = {
			isa = PBXProject;
			attributes = {
				CLASSPREFIX = Race;
				LastUpgradeCheck = 0450;
				ORGANIZATIONNAME = "Andra Mititelu";
			};
			buildConfigurationList = 19CC96C217071E7000D70DF0 /* Build configuration list for PBXProject "JustRace" */;
			compatibilityVersion = "Xcode 3.2";
			developmentRegion = English;
			hasScannedForEncodings = 0;
			knownRegions = (
				en,
			);
			mainGroup = 19CC96BD17071E7000D70DF0;
			productRefGroup = 19CC96C917071E7000D70DF0 /* Products */;
			projectDirPath = "";
			projectRoot = "";
			targets = (
				19CC96C717071E7000D70DF0 /* JustRace */,
			);
		};
/* End PBXProject section */

/* Begin PBXResourcesBuildPhase section */
		19CC96C617071E7000D70DF0 /* Resources */ = {
			isa = PBXResourcesBuildPhase;
			buildActionMask = 2147483647;
			files = (
				19CC96D717071E7000D70DF0 /* InfoPlist.strings in Resources */,
				19CC96DF17071E7000D70DF0 /* Default.png in Resources */,
				19CC96E117071E7000D70DF0 /* Default@2x.png in Resources */,
				19CC96E317071E7000D70DF0 /* Default-568h@2x.png in Resources */,
				19CC96E617071E7000D70DF0 /* MainStoryboard.storyboard in Resources */,
				19CC9716170728BF00D70DF0 /* FacebookSDKResources.bundle in Resources */,
				19CC9718170728CA00D70DF0 /* FBUserSettingsViewResources.bundle in Resources */,
			);
			runOnlyForDeploymentPostprocessing = 0;
		};
/* End PBXResourcesBuildPhase section */

/* Begin PBXSourcesBuildPhase section */
		19CC96C417071E7000D70DF0 /* Sources */ = {
			isa = PBXSourcesBuildPhase;
			buildActionMask = 2147483647;
			files = (
				19CC96D917071E7000D70DF0 /* main.m in Sources */,
				19CC96DD17071E7000D70DF0 /* RaceAppDelegate.m in Sources */,
				19CC96E917071E7100D70DF0 /* RaceViewController.m in Sources */,
				19CC9710170725BF00D70DF0 /* LoggedInViewController.m in Sources */,
			);
			runOnlyForDeploymentPostprocessing = 0;
		};
/* End PBXSourcesBuildPhase section */

/* Begin PBXVariantGroup section */
		19CC96D517071E7000D70DF0 /* InfoPlist.strings */ = {
			isa = PBXVariantGroup;
			children = (
				19CC96D617071E7000D70DF0 /* en */,
			);
			name = InfoPlist.strings;
			sourceTree = "<group>";
		};
		19CC96E417071E7000D70DF0 /* MainStoryboard.storyboard */ = {
			isa = PBXVariantGroup;
			children = (
				19CC96E517071E7000D70DF0 /* en */,
			);
			name = MainStoryboard.storyboard;
			sourceTree = "<group>";
		};
/* End PBXVariantGroup section */

/* Begin XCBuildConfiguration section */
		19CC96EA17071E7100D70DF0 /* Debug */ = {
			isa = XCBuildConfiguration;
			buildSettings = {
				ALWAYS_SEARCH_USER_PATHS = NO;
				CLANG_CXX_LANGUAGE_STANDARD = "gnu++0x";
				CLANG_CXX_LIBRARY = "libc++";
				CLANG_ENABLE_OBJC_ARC = YES;
				CLANG_WARN_EMPTY_BODY = YES;
				CLANG_WARN__DUPLICATE_METHOD_MATCH = YES;
				"CODE_SIGN_IDENTITY[sdk=iphoneos*]" = "iPhone Developer";
				COPY_PHASE_STRIP = NO;
				GCC_C_LANGUAGE_STANDARD = gnu99;
				GCC_DYNAMIC_NO_PIC = NO;
				GCC_OPTIMIZATION_LEVEL = 0;
				GCC_PREPROCESSOR_DEFINITIONS = (
					"DEBUG=1",
					"$(inherited)",
				);
				GCC_SYMBOLS_PRIVATE_EXTERN = NO;
				GCC_WARN_ABOUT_RETURN_TYPE = YES;
				GCC_WARN_UNINITIALIZED_AUTOS = YES;
				GCC_WARN_UNUSED_VARIABLE = YES;
				IPHONEOS_DEPLOYMENT_TARGET = 6.0;
				ONLY_ACTIVE_ARCH = YES;
				SDKROOT = iphoneos;
			};
			name = Debug;
		};
		19CC96EB17071E7100D70DF0 /* Release */ = {
			isa = XCBuildConfiguration;
			buildSettings = {
				ALWAYS_SEARCH_USER_PATHS = NO;
				CLANG_CXX_LANGUAGE_STANDARD = "gnu++0x";
				CLANG_CXX_LIBRARY = "libc++";
				CLANG_ENABLE_OBJC_ARC = YES;
				CLANG_WARN_EMPTY_BODY = YES;
				CLANG_WARN__DUPLICATE_METHOD_MATCH = YES;
				"CODE_SIGN_IDENTITY[sdk=iphoneos*]" = "iPhone Developer";
				COPY_PHASE_STRIP = YES;
				GCC_C_LANGUAGE_STANDARD = gnu99;
				GCC_WARN_ABOUT_RETURN_TYPE = YES;
				GCC_WARN_UNINITIALIZED_AUTOS = YES;
				GCC_WARN_UNUSED_VARIABLE = YES;
				IPHONEOS_DEPLOYMENT_TARGET = 6.0;
				OTHER_CFLAGS = "-DNS_BLOCK_ASSERTIONS=1";
				SDKROOT = iphoneos;
				VALIDATE_PRODUCT = YES;
			};
			name = Release;
		};
		19CC96ED17071E7100D70DF0 /* Debug */ = {
			isa = XCBuildConfiguration;
			buildSettings = {
				FRAMEWORK_SEARCH_PATHS = (
					"$(inherited)",
					"\"$(SRCROOT)\"",
				);
				GCC_PRECOMPILE_PREFIX_HEADER = YES;
				GCC_PREFIX_HEADER = "JustRace/JustRace-Prefix.pch";
				INFOPLIST_FILE = "JustRace/JustRace-Info.plist";
				PRODUCT_NAME = "$(TARGET_NAME)";
				WRAPPER_EXTENSION = app;
			};
			name = Debug;
		};
		19CC96EE17071E7100D70DF0 /* Release */ = {
			isa = XCBuildConfiguration;
			buildSettings = {
				FRAMEWORK_SEARCH_PATHS = (
					"$(inherited)",
					"\"$(SRCROOT)\"",
				);
				GCC_PRECOMPILE_PREFIX_HEADER = YES;
				GCC_PREFIX_HEADER = "JustRace/JustRace-Prefix.pch";
				INFOPLIST_FILE = "JustRace/JustRace-Info.plist";
				PRODUCT_NAME = "$(TARGET_NAME)";
				WRAPPER_EXTENSION = app;
			};
			name = Release;
		};
/* End XCBuildConfiguration section */

/* Begin XCConfigurationList section */
		19CC96C217071E7000D70DF0 /* Build configuration list for PBXProject "JustRace" */ = {
			isa = XCConfigurationList;
			buildConfigurations = (
				19CC96EA17071E7100D70DF0 /* Debug */,
				19CC96EB17071E7100D70DF0 /* Release */,
			);
			defaultConfigurationIsVisible = 0;
			defaultConfigurationName = Release;
		};
		19CC96EC17071E7100D70DF0 /* Build configuration list for PBXNativeTarget "JustRace" */ = {
			isa = XCConfigurationList;
			buildConfigurations = (
				19CC96ED17071E7100D70DF0 /* Debug */,
				19CC96EE17071E7100D70DF0 /* Release */,
			);
			defaultConfigurationIsVisible = 0;
			defaultConfigurationName = Release;
		};
/* End XCConfigurationList section */
	};
	rootObject = 19CC96BF17071E7000D70DF0 /* Project object */;
}
